// !$*UTF8*$!
{
	archiveVersion = 1;
	classes = {
	};
	objectVersion = 46;
	objects = {

/* Begin PBXBuildFile section */
		270A248D141220590073405C /* CoreMIDI.framework in Frameworks */ = {isa = PBXBuildFile; fileRef = 270A248C141220590073405C /* CoreMIDI.framework */; };
		BBAB23CB13894F3D00AA2426 /* GLUT.framework in CopyFiles */ = {isa = PBXBuildFile; fileRef = BBAB23BE13894E4700AA2426 /* GLUT.framework */; };
		E4328149138ABC9F0047C5CB /* openFrameworksDebug.a in Frameworks */ = {isa = PBXBuildFile; fileRef = E4328148138ABC890047C5CB /* openFrameworksDebug.a */; };
		E45BE97B0E8CC7DD009D7055 /* AGL.framework in Frameworks */ = {isa = PBXBuildFile; fileRef = E45BE9710E8CC7DD009D7055 /* AGL.framework */; };
		E45BE97C0E8CC7DD009D7055 /* ApplicationServices.framework in Frameworks */ = {isa = PBXBuildFile; fileRef = E45BE9720E8CC7DD009D7055 /* ApplicationServices.framework */; };
		E45BE97D0E8CC7DD009D7055 /* AudioToolbox.framework in Frameworks */ = {isa = PBXBuildFile; fileRef = E45BE9730E8CC7DD009D7055 /* AudioToolbox.framework */; };
		E45BE97E0E8CC7DD009D7055 /* Carbon.framework in Frameworks */ = {isa = PBXBuildFile; fileRef = E45BE9740E8CC7DD009D7055 /* Carbon.framework */; };
		E45BE97F0E8CC7DD009D7055 /* CoreAudio.framework in Frameworks */ = {isa = PBXBuildFile; fileRef = E45BE9750E8CC7DD009D7055 /* CoreAudio.framework */; };
		E45BE9800E8CC7DD009D7055 /* CoreFoundation.framework in Frameworks */ = {isa = PBXBuildFile; fileRef = E45BE9760E8CC7DD009D7055 /* CoreFoundation.framework */; };
		E45BE9810E8CC7DD009D7055 /* CoreServices.framework in Frameworks */ = {isa = PBXBuildFile; fileRef = E45BE9770E8CC7DD009D7055 /* CoreServices.framework */; };
		E45BE9830E8CC7DD009D7055 /* OpenGL.framework in Frameworks */ = {isa = PBXBuildFile; fileRef = E45BE9790E8CC7DD009D7055 /* OpenGL.framework */; };
		E45BE9840E8CC7DD009D7055 /* QuickTime.framework in Frameworks */ = {isa = PBXBuildFile; fileRef = E45BE97A0E8CC7DD009D7055 /* QuickTime.framework */; };
		E4B69E200A3A1BDC003C02F2 /* main.cpp in Sources */ = {isa = PBXBuildFile; fileRef = E4B69E1D0A3A1BDC003C02F2 /* main.cpp */; };
		E4B69E210A3A1BDC003C02F2 /* testApp.cpp in Sources */ = {isa = PBXBuildFile; fileRef = E4B69E1E0A3A1BDC003C02F2 /* testApp.cpp */; };
		E4C2424710CC5A17004149E2 /* AppKit.framework in Frameworks */ = {isa = PBXBuildFile; fileRef = E4C2424410CC5A17004149E2 /* AppKit.framework */; };
		E4C2424810CC5A17004149E2 /* Cocoa.framework in Frameworks */ = {isa = PBXBuildFile; fileRef = E4C2424510CC5A17004149E2 /* Cocoa.framework */; };
		E4C2424910CC5A17004149E2 /* IOKit.framework in Frameworks */ = {isa = PBXBuildFile; fileRef = E4C2424610CC5A17004149E2 /* IOKit.framework */; };
		E4EB6799138ADC1D00A09F29 /* GLUT.framework in Frameworks */ = {isa = PBXBuildFile; fileRef = BBAB23BE13894E4700AA2426 /* GLUT.framework */; };
		E7012CE218F34AD800A3F1EB /* main.cpp in Sources */ = {isa = PBXBuildFile; fileRef = E4B69E1D0A3A1BDC003C02F2 /* main.cpp */; };
		E7012CE318F34AD800A3F1EB /* testApp.cpp in Sources */ = {isa = PBXBuildFile; fileRef = E4B69E1E0A3A1BDC003C02F2 /* testApp.cpp */; };
		E7012CE618F34AD800A3F1EB /* QTKit.framework in Frameworks */ = {isa = PBXBuildFile; fileRef = E70AB76918E221CC001E6A32 /* QTKit.framework */; };
		E7012CE718F34AD800A3F1EB /* Accelerate.framework in Frameworks */ = {isa = PBXBuildFile; fileRef = E70AB76718E22140001E6A32 /* Accelerate.framework */; };
		E7012CE818F34AD800A3F1EB /* QuartzCore.framework in Frameworks */ = {isa = PBXBuildFile; fileRef = E70AB76518E2212C001E6A32 /* QuartzCore.framework */; };
		E7012CE918F34AD800A3F1EB /* CoreMedia.framework in Frameworks */ = {isa = PBXBuildFile; fileRef = E70AB76318E22124001E6A32 /* CoreMedia.framework */; };
		E7012CEA18F34AD800A3F1EB /* CoreVideo.framework in Frameworks */ = {isa = PBXBuildFile; fileRef = E70AB76118E2211F001E6A32 /* CoreVideo.framework */; };
		E7012CEB18F34AD800A3F1EB /* GLUT.framework in Frameworks */ = {isa = PBXBuildFile; fileRef = BBAB23BE13894E4700AA2426 /* GLUT.framework */; };
		E7012CEC18F34AD800A3F1EB /* openFrameworksDebug.a in Frameworks */ = {isa = PBXBuildFile; fileRef = E4328148138ABC890047C5CB /* openFrameworksDebug.a */; };
		E7012CED18F34AD800A3F1EB /* AGL.framework in Frameworks */ = {isa = PBXBuildFile; fileRef = E45BE9710E8CC7DD009D7055 /* AGL.framework */; };
		E7012CEE18F34AD800A3F1EB /* ApplicationServices.framework in Frameworks */ = {isa = PBXBuildFile; fileRef = E45BE9720E8CC7DD009D7055 /* ApplicationServices.framework */; };
		E7012CEF18F34AD800A3F1EB /* AudioToolbox.framework in Frameworks */ = {isa = PBXBuildFile; fileRef = E45BE9730E8CC7DD009D7055 /* AudioToolbox.framework */; };
		E7012CF018F34AD800A3F1EB /* Carbon.framework in Frameworks */ = {isa = PBXBuildFile; fileRef = E45BE9740E8CC7DD009D7055 /* Carbon.framework */; };
		E7012CF118F34AD800A3F1EB /* CoreAudio.framework in Frameworks */ = {isa = PBXBuildFile; fileRef = E45BE9750E8CC7DD009D7055 /* CoreAudio.framework */; };
		E7012CF218F34AD800A3F1EB /* CoreFoundation.framework in Frameworks */ = {isa = PBXBuildFile; fileRef = E45BE9760E8CC7DD009D7055 /* CoreFoundation.framework */; };
		E7012CF318F34AD800A3F1EB /* CoreServices.framework in Frameworks */ = {isa = PBXBuildFile; fileRef = E45BE9770E8CC7DD009D7055 /* CoreServices.framework */; };
		E7012CF418F34AD800A3F1EB /* OpenGL.framework in Frameworks */ = {isa = PBXBuildFile; fileRef = E45BE9790E8CC7DD009D7055 /* OpenGL.framework */; };
		E7012CF518F34AD800A3F1EB /* QuickTime.framework in Frameworks */ = {isa = PBXBuildFile; fileRef = E45BE97A0E8CC7DD009D7055 /* QuickTime.framework */; };
		E7012CF618F34AD800A3F1EB /* AppKit.framework in Frameworks */ = {isa = PBXBuildFile; fileRef = E4C2424410CC5A17004149E2 /* AppKit.framework */; };
		E7012CF718F34AD800A3F1EB /* Cocoa.framework in Frameworks */ = {isa = PBXBuildFile; fileRef = E4C2424510CC5A17004149E2 /* Cocoa.framework */; };
		E7012CF818F34AD800A3F1EB /* IOKit.framework in Frameworks */ = {isa = PBXBuildFile; fileRef = E4C2424610CC5A17004149E2 /* IOKit.framework */; };
		E7012CF918F34AD800A3F1EB /* CoreMIDI.framework in Frameworks */ = {isa = PBXBuildFile; fileRef = 270A248C141220590073405C /* CoreMIDI.framework */; };
		E7012CFC18F34AD800A3F1EB /* GLUT.framework in CopyFiles */ = {isa = PBXBuildFile; fileRef = BBAB23BE13894E4700AA2426 /* GLUT.framework */; };
		E709DAB218F3602500E67AA9 /* HelveticaNeueBold.ttf in Resources */ = {isa = PBXBuildFile; fileRef = E709DAAD18F3602500E67AA9 /* HelveticaNeueBold.ttf */; };
		E709DAB418F3602500E67AA9 /* CrossingBorders_4k_h264 in Resources */ = {isa = PBXBuildFile; fileRef = E709DAB018F3602500E67AA9 /* CrossingBorders_4k_h264 */; };
		E709DAB618F3606D00E67AA9 /* CrossingBorders_1080p_h264 in Resources */ = {isa = PBXBuildFile; fileRef = E709DAAF18F3602500E67AA9 /* CrossingBorders_1080p_h264 */; };
		E709DAB718F3607000E67AA9 /* HelveticaNeueBold.ttf in Resources */ = {isa = PBXBuildFile; fileRef = E709DAAD18F3602500E67AA9 /* HelveticaNeueBold.ttf */; };
		E709DACF18F3741D00E67AA9 /* icon_booka.icns in Resources */ = {isa = PBXBuildFile; fileRef = E709DACE18F3741D00E67AA9 /* icon_booka.icns */; };
		E709DAD018F3741D00E67AA9 /* icon_booka.icns in Resources */ = {isa = PBXBuildFile; fileRef = E709DACE18F3741D00E67AA9 /* icon_booka.icns */; };
		E70AB76218E2211F001E6A32 /* CoreVideo.framework in Frameworks */ = {isa = PBXBuildFile; fileRef = E70AB76118E2211F001E6A32 /* CoreVideo.framework */; };
		E70AB76418E22124001E6A32 /* CoreMedia.framework in Frameworks */ = {isa = PBXBuildFile; fileRef = E70AB76318E22124001E6A32 /* CoreMedia.framework */; };
		E70AB76618E2212C001E6A32 /* QuartzCore.framework in Frameworks */ = {isa = PBXBuildFile; fileRef = E70AB76518E2212C001E6A32 /* QuartzCore.framework */; };
		E70AB76818E22140001E6A32 /* Accelerate.framework in Frameworks */ = {isa = PBXBuildFile; fileRef = E70AB76718E22140001E6A32 /* Accelerate.framework */; };
		E70AB76A18E221CC001E6A32 /* QTKit.framework in Frameworks */ = {isa = PBXBuildFile; fileRef = E70AB76918E221CC001E6A32 /* QTKit.framework */; };
		E74C0A7818F3B57C00061B6B /* main.cpp in Sources */ = {isa = PBXBuildFile; fileRef = E4B69E1D0A3A1BDC003C02F2 /* main.cpp */; };
		E74C0A7918F3B57C00061B6B /* testApp.cpp in Sources */ = {isa = PBXBuildFile; fileRef = E4B69E1E0A3A1BDC003C02F2 /* testApp.cpp */; };
		E74C0A7C18F3B57C00061B6B /* QTKit.framework in Frameworks */ = {isa = PBXBuildFile; fileRef = E70AB76918E221CC001E6A32 /* QTKit.framework */; };
		E74C0A7D18F3B57C00061B6B /* Accelerate.framework in Frameworks */ = {isa = PBXBuildFile; fileRef = E70AB76718E22140001E6A32 /* Accelerate.framework */; };
		E74C0A7E18F3B57C00061B6B /* QuartzCore.framework in Frameworks */ = {isa = PBXBuildFile; fileRef = E70AB76518E2212C001E6A32 /* QuartzCore.framework */; };
		E74C0A7F18F3B57C00061B6B /* CoreMedia.framework in Frameworks */ = {isa = PBXBuildFile; fileRef = E70AB76318E22124001E6A32 /* CoreMedia.framework */; };
		E74C0A8018F3B57C00061B6B /* CoreVideo.framework in Frameworks */ = {isa = PBXBuildFile; fileRef = E70AB76118E2211F001E6A32 /* CoreVideo.framework */; };
		E74C0A8118F3B57C00061B6B /* GLUT.framework in Frameworks */ = {isa = PBXBuildFile; fileRef = BBAB23BE13894E4700AA2426 /* GLUT.framework */; };
		E74C0A8318F3B57C00061B6B /* openFrameworksDebug.a in Frameworks */ = {isa = PBXBuildFile; fileRef = E4328148138ABC890047C5CB /* openFrameworksDebug.a */; };
		E74C0A8418F3B57C00061B6B /* AGL.framework in Frameworks */ = {isa = PBXBuildFile; fileRef = E45BE9710E8CC7DD009D7055 /* AGL.framework */; };
		E74C0A8518F3B57C00061B6B /* ApplicationServices.framework in Frameworks */ = {isa = PBXBuildFile; fileRef = E45BE9720E8CC7DD009D7055 /* ApplicationServices.framework */; };
		E74C0A8618F3B57C00061B6B /* AudioToolbox.framework in Frameworks */ = {isa = PBXBuildFile; fileRef = E45BE9730E8CC7DD009D7055 /* AudioToolbox.framework */; };
		E74C0A8718F3B57C00061B6B /* Carbon.framework in Frameworks */ = {isa = PBXBuildFile; fileRef = E45BE9740E8CC7DD009D7055 /* Carbon.framework */; };
		E74C0A8818F3B57C00061B6B /* CoreAudio.framework in Frameworks */ = {isa = PBXBuildFile; fileRef = E45BE9750E8CC7DD009D7055 /* CoreAudio.framework */; };
		E74C0A8918F3B57C00061B6B /* CoreFoundation.framework in Frameworks */ = {isa = PBXBuildFile; fileRef = E45BE9760E8CC7DD009D7055 /* CoreFoundation.framework */; };
		E74C0A8A18F3B57C00061B6B /* CoreServices.framework in Frameworks */ = {isa = PBXBuildFile; fileRef = E45BE9770E8CC7DD009D7055 /* CoreServices.framework */; };
		E74C0A8B18F3B57C00061B6B /* OpenGL.framework in Frameworks */ = {isa = PBXBuildFile; fileRef = E45BE9790E8CC7DD009D7055 /* OpenGL.framework */; };
		E74C0A8C18F3B57C00061B6B /* QuickTime.framework in Frameworks */ = {isa = PBXBuildFile; fileRef = E45BE97A0E8CC7DD009D7055 /* QuickTime.framework */; };
		E74C0A8D18F3B57C00061B6B /* AppKit.framework in Frameworks */ = {isa = PBXBuildFile; fileRef = E4C2424410CC5A17004149E2 /* AppKit.framework */; };
		E74C0A8E18F3B57C00061B6B /* Cocoa.framework in Frameworks */ = {isa = PBXBuildFile; fileRef = E4C2424510CC5A17004149E2 /* Cocoa.framework */; };
		E74C0A8F18F3B57C00061B6B /* IOKit.framework in Frameworks */ = {isa = PBXBuildFile; fileRef = E4C2424610CC5A17004149E2 /* IOKit.framework */; };
		E74C0A9018F3B57C00061B6B /* CoreMIDI.framework in Frameworks */ = {isa = PBXBuildFile; fileRef = 270A248C141220590073405C /* CoreMIDI.framework */; };
		E74C0A9318F3B57C00061B6B /* GLUT.framework in CopyFiles */ = {isa = PBXBuildFile; fileRef = BBAB23BE13894E4700AA2426 /* GLUT.framework */; };
		E74C0A9618F3B57C00061B6B /* HelveticaNeueBold.ttf in Resources */ = {isa = PBXBuildFile; fileRef = E709DAAD18F3602500E67AA9 /* HelveticaNeueBold.ttf */; };
		E74C0A9E18F3B5AF00061B6B /* icon_riftplayer.icns in Resources */ = {isa = PBXBuildFile; fileRef = E74C0A9D18F3B5AF00061B6B /* icon_riftplayer.icns */; };
		E74C0AA018F3B91D00061B6B /* video_test_pattern.png in Resources */ = {isa = PBXBuildFile; fileRef = E74C0A9F18F3B91D00061B6B /* video_test_pattern.png */; };
		F3C93EE819B4DAA1001CF123 /* ofxOculusDK2.cpp in Sources */ = {isa = PBXBuildFile; fileRef = F3C93D9619B4DAA0001CF123 /* ofxOculusDK2.cpp */; };
		F3C93EE919B4DAA1001CF123 /* ofxOculusDK2.cpp in Sources */ = {isa = PBXBuildFile; fileRef = F3C93D9619B4DAA0001CF123 /* ofxOculusDK2.cpp */; };
		F3C93EEA19B4DAA1001CF123 /* ofxOculusDK2.cpp in Sources */ = {isa = PBXBuildFile; fileRef = F3C93D9619B4DAA0001CF123 /* ofxOculusDK2.cpp */; };
		F3C93FCF19B4DE7D001CF123 /* libovr.a in Frameworks */ = {isa = PBXBuildFile; fileRef = F3C93EFA19B4DE7D001CF123 /* libovr.a */; };
		F3C93FD019B4DE7D001CF123 /* libovr.a in Frameworks */ = {isa = PBXBuildFile; fileRef = F3C93EFA19B4DE7D001CF123 /* libovr.a */; };
		F3C93FD119B4DE7D001CF123 /* libovr.a in Frameworks */ = {isa = PBXBuildFile; fileRef = F3C93EFA19B4DE7D001CF123 /* libovr.a */; };
		F3C93FD519B4DE7D001CF123 /* libovr.a in Frameworks */ = {isa = PBXBuildFile; fileRef = F3C93EFE19B4DE7D001CF123 /* libovr.a */; };
		F3C93FD619B4DE7D001CF123 /* libovr.a in Frameworks */ = {isa = PBXBuildFile; fileRef = F3C93EFE19B4DE7D001CF123 /* libovr.a */; };
		F3C93FD719B4DE7D001CF123 /* libovr.a in Frameworks */ = {isa = PBXBuildFile; fileRef = F3C93EFE19B4DE7D001CF123 /* libovr.a */; };
		F3C9414B19B4DEB4001CF123 /* .gitignore in Resources */ = {isa = PBXBuildFile; fileRef = F3C940D519B4DEB3001CF123 /* .gitignore */; };
		F3C9414C19B4DEB4001CF123 /* .gitignore in Resources */ = {isa = PBXBuildFile; fileRef = F3C940D519B4DEB3001CF123 /* .gitignore */; };
		F3C9414D19B4DEB4001CF123 /* .gitignore in Resources */ = {isa = PBXBuildFile; fileRef = F3C940D519B4DEB3001CF123 /* .gitignore */; };
		F3C941BD19B4DEB5001CF123 /* libftgl.a in Frameworks */ = {isa = PBXBuildFile; fileRef = F3C9413D19B4DEB4001CF123 /* libftgl.a */; };
		F3C941BE19B4DEB5001CF123 /* libftgl.a in Frameworks */ = {isa = PBXBuildFile; fileRef = F3C9413D19B4DEB4001CF123 /* libftgl.a */; };
		F3C941BF19B4DEB5001CF123 /* libftgl.a in Frameworks */ = {isa = PBXBuildFile; fileRef = F3C9413D19B4DEB4001CF123 /* libftgl.a */; };
		F3C941CC19B4DEB5001CF123 /* README.md in Resources */ = {isa = PBXBuildFile; fileRef = F3C9414419B4DEB4001CF123 /* README.md */; };
		F3C941CD19B4DEB5001CF123 /* README.md in Resources */ = {isa = PBXBuildFile; fileRef = F3C9414419B4DEB4001CF123 /* README.md */; };
		F3C941CE19B4DEB5001CF123 /* README.md in Resources */ = {isa = PBXBuildFile; fileRef = F3C9414419B4DEB4001CF123 /* README.md */; };
		F3C941CF19B4DEB5001CF123 /* ofxFTGLFont.cpp in Sources */ = {isa = PBXBuildFile; fileRef = F3C9414719B4DEB4001CF123 /* ofxFTGLFont.cpp */; };
		F3C941D019B4DEB5001CF123 /* ofxFTGLFont.cpp in Sources */ = {isa = PBXBuildFile; fileRef = F3C9414719B4DEB4001CF123 /* ofxFTGLFont.cpp */; };
		F3C941D119B4DEB5001CF123 /* ofxFTGLFont.cpp in Sources */ = {isa = PBXBuildFile; fileRef = F3C9414719B4DEB4001CF123 /* ofxFTGLFont.cpp */; };
		F3C941D219B4DEB5001CF123 /* ofxFTGLSimpleLayout.cpp in Sources */ = {isa = PBXBuildFile; fileRef = F3C9414919B4DEB4001CF123 /* ofxFTGLSimpleLayout.cpp */; };
		F3C941D319B4DEB5001CF123 /* ofxFTGLSimpleLayout.cpp in Sources */ = {isa = PBXBuildFile; fileRef = F3C9414919B4DEB4001CF123 /* ofxFTGLSimpleLayout.cpp */; };
		F3C941D419B4DEB5001CF123 /* ofxFTGLSimpleLayout.cpp in Sources */ = {isa = PBXBuildFile; fileRef = F3C9414919B4DEB4001CF123 /* ofxFTGLSimpleLayout.cpp */; };
		F3C941E519B4E9B3001CF123 /* ofAVFMovieRenderer.m in Sources */ = {isa = PBXBuildFile; fileRef = F3C941E219B4E9B3001CF123 /* ofAVFMovieRenderer.m */; };
		F3C941E619B4E9B3001CF123 /* ofAVFMovieRenderer.m in Sources */ = {isa = PBXBuildFile; fileRef = F3C941E219B4E9B3001CF123 /* ofAVFMovieRenderer.m */; };
		F3C941E719B4E9B3001CF123 /* ofAVFMovieRenderer.m in Sources */ = {isa = PBXBuildFile; fileRef = F3C941E219B4E9B3001CF123 /* ofAVFMovieRenderer.m */; };
		F3C941E819B4E9B3001CF123 /* ofAVFoundationPlayer.mm in Sources */ = {isa = PBXBuildFile; fileRef = F3C941E419B4E9B3001CF123 /* ofAVFoundationPlayer.mm */; };
		F3C941E919B4E9B3001CF123 /* ofAVFoundationPlayer.mm in Sources */ = {isa = PBXBuildFile; fileRef = F3C941E419B4E9B3001CF123 /* ofAVFoundationPlayer.mm */; };
		F3C941EA19B4E9B3001CF123 /* ofAVFoundationPlayer.mm in Sources */ = {isa = PBXBuildFile; fileRef = F3C941E419B4E9B3001CF123 /* ofAVFoundationPlayer.mm */; };
		F3C941EC19B4E9E7001CF123 /* AVFoundation.framework in Frameworks */ = {isa = PBXBuildFile; fileRef = F3C941EB19B4E9E7001CF123 /* AVFoundation.framework */; };
/* End PBXBuildFile section */

/* Begin PBXContainerItemProxy section */
		E4328147138ABC890047C5CB /* PBXContainerItemProxy */ = {
			isa = PBXContainerItemProxy;
			containerPortal = E4328143138ABC890047C5CB /* openFrameworksLib.xcodeproj */;
			proxyType = 2;
			remoteGlobalIDString = E4B27C1510CBEB8E00536013;
			remoteInfo = openFrameworks;
		};
		E4EEB9AB138B136A00A80321 /* PBXContainerItemProxy */ = {
			isa = PBXContainerItemProxy;
			containerPortal = E4328143138ABC890047C5CB /* openFrameworksLib.xcodeproj */;
			proxyType = 1;
			remoteGlobalIDString = E4B27C1410CBEB8E00536013;
			remoteInfo = openFrameworks;
		};
		E7012CE018F34AD800A3F1EB /* PBXContainerItemProxy */ = {
			isa = PBXContainerItemProxy;
			containerPortal = E4328143138ABC890047C5CB /* openFrameworksLib.xcodeproj */;
			proxyType = 1;
			remoteGlobalIDString = E4B27C1410CBEB8E00536013;
			remoteInfo = openFrameworks;
		};
		E74C0A7418F3B57C00061B6B /* PBXContainerItemProxy */ = {
			isa = PBXContainerItemProxy;
			containerPortal = E4328143138ABC890047C5CB /* openFrameworksLib.xcodeproj */;
			proxyType = 1;
			remoteGlobalIDString = E4B27C1410CBEB8E00536013;
			remoteInfo = openFrameworks;
		};
/* End PBXContainerItemProxy section */

/* Begin PBXCopyFilesBuildPhase section */
		E4C2427710CC5ABF004149E2 /* CopyFiles */ = {
			isa = PBXCopyFilesBuildPhase;
			buildActionMask = 2147483647;
			dstPath = "";
			dstSubfolderSpec = 10;
			files = (
				BBAB23CB13894F3D00AA2426 /* GLUT.framework in CopyFiles */,
			);
			runOnlyForDeploymentPostprocessing = 0;
		};
		E7012CFB18F34AD800A3F1EB /* CopyFiles */ = {
			isa = PBXCopyFilesBuildPhase;
			buildActionMask = 2147483647;
			dstPath = "";
			dstSubfolderSpec = 10;
			files = (
				E7012CFC18F34AD800A3F1EB /* GLUT.framework in CopyFiles */,
			);
			runOnlyForDeploymentPostprocessing = 0;
		};
		E74C0A9218F3B57C00061B6B /* CopyFiles */ = {
			isa = PBXCopyFilesBuildPhase;
			buildActionMask = 2147483647;
			dstPath = "";
			dstSubfolderSpec = 10;
			files = (
				E74C0A9318F3B57C00061B6B /* GLUT.framework in CopyFiles */,
			);
			runOnlyForDeploymentPostprocessing = 0;
		};
/* End PBXCopyFilesBuildPhase section */

/* Begin PBXFileReference section */
		270A248C141220590073405C /* CoreMIDI.framework */ = {isa = PBXFileReference; lastKnownFileType = wrapper.framework; name = CoreMIDI.framework; path = /System/Library/Frameworks/CoreMIDI.framework; sourceTree = "<absolute>"; };
		BBAB23BE13894E4700AA2426 /* GLUT.framework */ = {isa = PBXFileReference; lastKnownFileType = wrapper.framework; name = GLUT.framework; path = ../../../libs/glut/lib/osx/GLUT.framework; sourceTree = "<group>"; };
		E4328143138ABC890047C5CB /* openFrameworksLib.xcodeproj */ = {isa = PBXFileReference; lastKnownFileType = "wrapper.pb-project"; name = openFrameworksLib.xcodeproj; path = ../../../libs/openFrameworksCompiled/project/osx/openFrameworksLib.xcodeproj; sourceTree = SOURCE_ROOT; };
		E45BE9710E8CC7DD009D7055 /* AGL.framework */ = {isa = PBXFileReference; lastKnownFileType = wrapper.framework; name = AGL.framework; path = /System/Library/Frameworks/AGL.framework; sourceTree = "<absolute>"; };
		E45BE9720E8CC7DD009D7055 /* ApplicationServices.framework */ = {isa = PBXFileReference; lastKnownFileType = wrapper.framework; name = ApplicationServices.framework; path = /System/Library/Frameworks/ApplicationServices.framework; sourceTree = "<absolute>"; };
		E45BE9730E8CC7DD009D7055 /* AudioToolbox.framework */ = {isa = PBXFileReference; lastKnownFileType = wrapper.framework; name = AudioToolbox.framework; path = /System/Library/Frameworks/AudioToolbox.framework; sourceTree = "<absolute>"; };
		E45BE9740E8CC7DD009D7055 /* Carbon.framework */ = {isa = PBXFileReference; lastKnownFileType = wrapper.framework; name = Carbon.framework; path = /System/Library/Frameworks/Carbon.framework; sourceTree = "<absolute>"; };
		E45BE9750E8CC7DD009D7055 /* CoreAudio.framework */ = {isa = PBXFileReference; lastKnownFileType = wrapper.framework; name = CoreAudio.framework; path = /System/Library/Frameworks/CoreAudio.framework; sourceTree = "<absolute>"; };
		E45BE9760E8CC7DD009D7055 /* CoreFoundation.framework */ = {isa = PBXFileReference; lastKnownFileType = wrapper.framework; name = CoreFoundation.framework; path = /System/Library/Frameworks/CoreFoundation.framework; sourceTree = "<absolute>"; };
		E45BE9770E8CC7DD009D7055 /* CoreServices.framework */ = {isa = PBXFileReference; lastKnownFileType = wrapper.framework; name = CoreServices.framework; path = /System/Library/Frameworks/CoreServices.framework; sourceTree = "<absolute>"; };
		E45BE9790E8CC7DD009D7055 /* OpenGL.framework */ = {isa = PBXFileReference; lastKnownFileType = wrapper.framework; name = OpenGL.framework; path = /System/Library/Frameworks/OpenGL.framework; sourceTree = "<absolute>"; };
		E45BE97A0E8CC7DD009D7055 /* QuickTime.framework */ = {isa = PBXFileReference; lastKnownFileType = wrapper.framework; name = QuickTime.framework; path = /System/Library/Frameworks/QuickTime.framework; sourceTree = "<absolute>"; };
		E4B69B5B0A3A1756003C02F2 /* CrossingBordersVRDebug.app */ = {isa = PBXFileReference; explicitFileType = wrapper.application; includeInIndex = 0; path = CrossingBordersVRDebug.app; sourceTree = BUILT_PRODUCTS_DIR; };
		E4B69E1D0A3A1BDC003C02F2 /* main.cpp */ = {isa = PBXFileReference; fileEncoding = 30; lastKnownFileType = sourcecode.cpp.cpp; name = main.cpp; path = src/main.cpp; sourceTree = SOURCE_ROOT; };
		E4B69E1E0A3A1BDC003C02F2 /* testApp.cpp */ = {isa = PBXFileReference; explicitFileType = sourcecode.cpp.cpp; fileEncoding = 30; name = testApp.cpp; path = src/testApp.cpp; sourceTree = SOURCE_ROOT; };
		E4B69E1F0A3A1BDC003C02F2 /* testApp.h */ = {isa = PBXFileReference; fileEncoding = 30; lastKnownFileType = sourcecode.c.h; name = testApp.h; path = src/testApp.h; sourceTree = SOURCE_ROOT; };
		E4B6FCAD0C3E899E008CF71C /* openFrameworks-Info.plist */ = {isa = PBXFileReference; fileEncoding = 30; lastKnownFileType = text.plist.xml; path = "openFrameworks-Info.plist"; sourceTree = "<group>"; };
		E4C2424410CC5A17004149E2 /* AppKit.framework */ = {isa = PBXFileReference; lastKnownFileType = wrapper.framework; name = AppKit.framework; path = /System/Library/Frameworks/AppKit.framework; sourceTree = "<absolute>"; };
		E4C2424510CC5A17004149E2 /* Cocoa.framework */ = {isa = PBXFileReference; lastKnownFileType = wrapper.framework; name = Cocoa.framework; path = /System/Library/Frameworks/Cocoa.framework; sourceTree = "<absolute>"; };
		E4C2424610CC5A17004149E2 /* IOKit.framework */ = {isa = PBXFileReference; lastKnownFileType = wrapper.framework; name = IOKit.framework; path = /System/Library/Frameworks/IOKit.framework; sourceTree = "<absolute>"; };
		E4EB691F138AFCF100A09F29 /* CoreOF.xcconfig */ = {isa = PBXFileReference; fileEncoding = 4; lastKnownFileType = text.xcconfig; name = CoreOF.xcconfig; path = ../../../libs/openFrameworksCompiled/project/osx/CoreOF.xcconfig; sourceTree = SOURCE_ROOT; };
		E4EB6923138AFD0F00A09F29 /* Project.xcconfig */ = {isa = PBXFileReference; fileEncoding = 4; lastKnownFileType = text.xcconfig; path = Project.xcconfig; sourceTree = "<group>"; };
		E7012D0018F34AD800A3F1EB /* CrossingBordersVR4kDebug.app */ = {isa = PBXFileReference; explicitFileType = wrapper.application; includeInIndex = 0; path = CrossingBordersVR4kDebug.app; sourceTree = BUILT_PRODUCTS_DIR; };
		E7012D0118F34AD800A3F1EB /* OculusVideoViewer copy-Info.plist */ = {isa = PBXFileReference; lastKnownFileType = text.plist.xml; name = "OculusVideoViewer copy-Info.plist"; path = "/Users/focus/Documents/Xcode/of_v0.8.0_osx_release/apps/myApps/OculusSphericalVideoViewer/OculusVideoViewer copy-Info.plist"; sourceTree = "<absolute>"; };
		E709DAAD18F3602500E67AA9 /* HelveticaNeueBold.ttf */ = {isa = PBXFileReference; lastKnownFileType = file; path = HelveticaNeueBold.ttf; sourceTree = "<group>"; };
		E709DAAF18F3602500E67AA9 /* CrossingBorders_1080p_h264 */ = {isa = PBXFileReference; lastKnownFileType = text; path = CrossingBorders_1080p_h264; sourceTree = "<group>"; };
		E709DAB018F3602500E67AA9 /* CrossingBorders_4k_h264 */ = {isa = PBXFileReference; lastKnownFileType = text; path = CrossingBorders_4k_h264; sourceTree = "<group>"; };
		E709DACE18F3741D00E67AA9 /* icon_booka.icns */ = {isa = PBXFileReference; lastKnownFileType = image.icns; path = icon_booka.icns; sourceTree = SOURCE_ROOT; };
		E70AB76118E2211F001E6A32 /* CoreVideo.framework */ = {isa = PBXFileReference; lastKnownFileType = wrapper.framework; name = CoreVideo.framework; path = System/Library/Frameworks/CoreVideo.framework; sourceTree = SDKROOT; };
		E70AB76318E22124001E6A32 /* CoreMedia.framework */ = {isa = PBXFileReference; lastKnownFileType = wrapper.framework; name = CoreMedia.framework; path = System/Library/Frameworks/CoreMedia.framework; sourceTree = SDKROOT; };
		E70AB76518E2212C001E6A32 /* QuartzCore.framework */ = {isa = PBXFileReference; lastKnownFileType = wrapper.framework; name = QuartzCore.framework; path = System/Library/Frameworks/QuartzCore.framework; sourceTree = SDKROOT; };
		E70AB76718E22140001E6A32 /* Accelerate.framework */ = {isa = PBXFileReference; lastKnownFileType = wrapper.framework; name = Accelerate.framework; path = System/Library/Frameworks/Accelerate.framework; sourceTree = SDKROOT; };
		E70AB76918E221CC001E6A32 /* QTKit.framework */ = {isa = PBXFileReference; lastKnownFileType = wrapper.framework; name = QTKit.framework; path = System/Library/Frameworks/QTKit.framework; sourceTree = SDKROOT; };
		E74C0A9B18F3B57C00061B6B /* OculusVideoPlayerDebug.app */ = {isa = PBXFileReference; explicitFileType = wrapper.application; includeInIndex = 0; path = OculusVideoPlayerDebug.app; sourceTree = BUILT_PRODUCTS_DIR; };
		E74C0A9C18F3B57D00061B6B /* CrossingBorders4k copy-Info.plist */ = {isa = PBXFileReference; lastKnownFileType = text.plist.xml; name = "CrossingBorders4k copy-Info.plist"; path = "/Users/focus/Documents/Xcode/of_v0.8.0_osx_release/apps/myApps/OculusSphericalVideoViewer/CrossingBorders4k copy-Info.plist"; sourceTree = "<absolute>"; };
		E74C0A9D18F3B5AF00061B6B /* icon_riftplayer.icns */ = {isa = PBXFileReference; lastKnownFileType = image.icns; path = icon_riftplayer.icns; sourceTree = SOURCE_ROOT; };
		E74C0A9F18F3B91D00061B6B /* video_test_pattern.png */ = {isa = PBXFileReference; lastKnownFileType = image.png; path = video_test_pattern.png; sourceTree = "<group>"; };
		F3C93D9619B4DAA0001CF123 /* ofxOculusDK2.cpp */ = {isa = PBXFileReference; fileEncoding = 4; lastKnownFileType = sourcecode.cpp.cpp; path = ofxOculusDK2.cpp; sourceTree = "<group>"; };
		F3C93D9719B4DAA0001CF123 /* ofxOculusDK2.h */ = {isa = PBXFileReference; fileEncoding = 4; lastKnownFileType = sourcecode.c.h; path = ofxOculusDK2.h; sourceTree = "<group>"; };
		F3C93EFA19B4DE7D001CF123 /* libovr.a */ = {isa = PBXFileReference; lastKnownFileType = archive.ar; path = libovr.a; sourceTree = "<group>"; };
		F3C93EFE19B4DE7D001CF123 /* libovr.a */ = {isa = PBXFileReference; lastKnownFileType = archive.ar; path = libovr.a; sourceTree = "<group>"; };
		F3C940D519B4DEB3001CF123 /* .gitignore */ = {isa = PBXFileReference; fileEncoding = 4; lastKnownFileType = text; path = .gitignore; sourceTree = "<group>"; };
		F3C9412019B4DEB4001CF123 /* FTBBox.h */ = {isa = PBXFileReference; fileEncoding = 4; lastKnownFileType = sourcecode.c.h; path = FTBBox.h; sourceTree = "<group>"; };
		F3C9412119B4DEB4001CF123 /* FTBitmapGlyph.h */ = {isa = PBXFileReference; fileEncoding = 4; lastKnownFileType = sourcecode.c.h; path = FTBitmapGlyph.h; sourceTree = "<group>"; };
		F3C9412219B4DEB4001CF123 /* FTBuffer.h */ = {isa = PBXFileReference; fileEncoding = 4; lastKnownFileType = sourcecode.c.h; path = FTBuffer.h; sourceTree = "<group>"; };
		F3C9412319B4DEB4001CF123 /* FTBufferFont.h */ = {isa = PBXFileReference; fileEncoding = 4; lastKnownFileType = sourcecode.c.h; path = FTBufferFont.h; sourceTree = "<group>"; };
		F3C9412419B4DEB4001CF123 /* FTBufferGlyph.h */ = {isa = PBXFileReference; fileEncoding = 4; lastKnownFileType = sourcecode.c.h; path = FTBufferGlyph.h; sourceTree = "<group>"; };
		F3C9412519B4DEB4001CF123 /* FTExtrdGlyph.h */ = {isa = PBXFileReference; fileEncoding = 4; lastKnownFileType = sourcecode.c.h; path = FTExtrdGlyph.h; sourceTree = "<group>"; };
		F3C9412619B4DEB4001CF123 /* FTFont.h */ = {isa = PBXFileReference; fileEncoding = 4; lastKnownFileType = sourcecode.c.h; path = FTFont.h; sourceTree = "<group>"; };
		F3C9412719B4DEB4001CF123 /* ftgl.h */ = {isa = PBXFileReference; fileEncoding = 4; lastKnownFileType = sourcecode.c.h; path = ftgl.h; sourceTree = "<group>"; };
		F3C9412819B4DEB4001CF123 /* FTGLBitmapFont.h */ = {isa = PBXFileReference; fileEncoding = 4; lastKnownFileType = sourcecode.c.h; path = FTGLBitmapFont.h; sourceTree = "<group>"; };
		F3C9412919B4DEB4001CF123 /* FTGLExtrdFont.h */ = {isa = PBXFileReference; fileEncoding = 4; lastKnownFileType = sourcecode.c.h; path = FTGLExtrdFont.h; sourceTree = "<group>"; };
		F3C9412A19B4DEB4001CF123 /* FTGLOutlineFont.h */ = {isa = PBXFileReference; fileEncoding = 4; lastKnownFileType = sourcecode.c.h; path = FTGLOutlineFont.h; sourceTree = "<group>"; };
		F3C9412B19B4DEB4001CF123 /* FTGLPixmapFont.h */ = {isa = PBXFileReference; fileEncoding = 4; lastKnownFileType = sourcecode.c.h; path = FTGLPixmapFont.h; sourceTree = "<group>"; };
		F3C9412C19B4DEB4001CF123 /* FTGLPolygonFont.h */ = {isa = PBXFileReference; fileEncoding = 4; lastKnownFileType = sourcecode.c.h; path = FTGLPolygonFont.h; sourceTree = "<group>"; };
		F3C9412D19B4DEB4001CF123 /* FTGLTextureFont.h */ = {isa = PBXFileReference; fileEncoding = 4; lastKnownFileType = sourcecode.c.h; path = FTGLTextureFont.h; sourceTree = "<group>"; };
		F3C9412E19B4DEB4001CF123 /* FTGlyph.h */ = {isa = PBXFileReference; fileEncoding = 4; lastKnownFileType = sourcecode.c.h; path = FTGlyph.h; sourceTree = "<group>"; };
		F3C9412F19B4DEB4001CF123 /* FTLayout.h */ = {isa = PBXFileReference; fileEncoding = 4; lastKnownFileType = sourcecode.c.h; path = FTLayout.h; sourceTree = "<group>"; };
		F3C9413019B4DEB4001CF123 /* FTOutlineGlyph.h */ = {isa = PBXFileReference; fileEncoding = 4; lastKnownFileType = sourcecode.c.h; path = FTOutlineGlyph.h; sourceTree = "<group>"; };
		F3C9413119B4DEB4001CF123 /* FTPixmapGlyph.h */ = {isa = PBXFileReference; fileEncoding = 4; lastKnownFileType = sourcecode.c.h; path = FTPixmapGlyph.h; sourceTree = "<group>"; };
		F3C9413219B4DEB4001CF123 /* FTPoint.h */ = {isa = PBXFileReference; fileEncoding = 4; lastKnownFileType = sourcecode.c.h; path = FTPoint.h; sourceTree = "<group>"; };
		F3C9413319B4DEB4001CF123 /* FTPolyGlyph.h */ = {isa = PBXFileReference; fileEncoding = 4; lastKnownFileType = sourcecode.c.h; path = FTPolyGlyph.h; sourceTree = "<group>"; };
		F3C9413419B4DEB4001CF123 /* FTSimpleLayout.h */ = {isa = PBXFileReference; fileEncoding = 4; lastKnownFileType = sourcecode.c.h; path = FTSimpleLayout.h; sourceTree = "<group>"; };
		F3C9413519B4DEB4001CF123 /* FTTextureGlyph.h */ = {isa = PBXFileReference; fileEncoding = 4; lastKnownFileType = sourcecode.c.h; path = FTTextureGlyph.h; sourceTree = "<group>"; };
		F3C9413D19B4DEB4001CF123 /* libftgl.a */ = {isa = PBXFileReference; lastKnownFileType = archive.ar; path = libftgl.a; sourceTree = "<group>"; };
		F3C9414419B4DEB4001CF123 /* README.md */ = {isa = PBXFileReference; fileEncoding = 4; lastKnownFileType = text; path = README.md; sourceTree = "<group>"; };
		F3C9414619B4DEB4001CF123 /* ofxFTGL.h */ = {isa = PBXFileReference; fileEncoding = 4; lastKnownFileType = sourcecode.c.h; path = ofxFTGL.h; sourceTree = "<group>"; };
		F3C9414719B4DEB4001CF123 /* ofxFTGLFont.cpp */ = {isa = PBXFileReference; fileEncoding = 4; lastKnownFileType = sourcecode.cpp.cpp; path = ofxFTGLFont.cpp; sourceTree = "<group>"; };
		F3C9414819B4DEB4001CF123 /* ofxFTGLFont.h */ = {isa = PBXFileReference; fileEncoding = 4; lastKnownFileType = sourcecode.c.h; path = ofxFTGLFont.h; sourceTree = "<group>"; };
		F3C9414919B4DEB4001CF123 /* ofxFTGLSimpleLayout.cpp */ = {isa = PBXFileReference; fileEncoding = 4; lastKnownFileType = sourcecode.cpp.cpp; path = ofxFTGLSimpleLayout.cpp; sourceTree = "<group>"; };
		F3C9414A19B4DEB4001CF123 /* ofxFTGLSimpleLayout.h */ = {isa = PBXFileReference; fileEncoding = 4; lastKnownFileType = sourcecode.c.h; path = ofxFTGLSimpleLayout.h; sourceTree = "<group>"; };
		F3C941E119B4E9B3001CF123 /* ofAVFMovieRenderer.h */ = {isa = PBXFileReference; fileEncoding = 4; lastKnownFileType = sourcecode.c.h; path = ofAVFMovieRenderer.h; sourceTree = "<group>"; };
		F3C941E219B4E9B3001CF123 /* ofAVFMovieRenderer.m */ = {isa = PBXFileReference; fileEncoding = 4; lastKnownFileType = sourcecode.c.objc; path = ofAVFMovieRenderer.m; sourceTree = "<group>"; };
		F3C941E319B4E9B3001CF123 /* ofAVFoundationPlayer.h */ = {isa = PBXFileReference; fileEncoding = 4; lastKnownFileType = sourcecode.c.h; path = ofAVFoundationPlayer.h; sourceTree = "<group>"; };
		F3C941E419B4E9B3001CF123 /* ofAVFoundationPlayer.mm */ = {isa = PBXFileReference; fileEncoding = 4; lastKnownFileType = sourcecode.cpp.objcpp; path = ofAVFoundationPlayer.mm; sourceTree = "<group>"; };
		F3C941EB19B4E9E7001CF123 /* AVFoundation.framework */ = {isa = PBXFileReference; lastKnownFileType = wrapper.framework; name = AVFoundation.framework; path = System/Library/Frameworks/AVFoundation.framework; sourceTree = SDKROOT; };
/* End PBXFileReference section */

/* Begin PBXFrameworksBuildPhase section */
		E4B69B590A3A1756003C02F2 /* Frameworks */ = {
			isa = PBXFrameworksBuildPhase;
			buildActionMask = 2147483647;
			files = (
				F3C93FCF19B4DE7D001CF123 /* libovr.a in Frameworks */,
				E70AB76A18E221CC001E6A32 /* QTKit.framework in Frameworks */,
				E70AB76818E22140001E6A32 /* Accelerate.framework in Frameworks */,
				E70AB76618E2212C001E6A32 /* QuartzCore.framework in Frameworks */,
				E70AB76418E22124001E6A32 /* CoreMedia.framework in Frameworks */,
				F3C93FD519B4DE7D001CF123 /* libovr.a in Frameworks */,
				E70AB76218E2211F001E6A32 /* CoreVideo.framework in Frameworks */,
				F3C941BD19B4DEB5001CF123 /* libftgl.a in Frameworks */,
				E4EB6799138ADC1D00A09F29 /* GLUT.framework in Frameworks */,
				E4328149138ABC9F0047C5CB /* openFrameworksDebug.a in Frameworks */,
				E45BE97B0E8CC7DD009D7055 /* AGL.framework in Frameworks */,
				E45BE97C0E8CC7DD009D7055 /* ApplicationServices.framework in Frameworks */,
				E45BE97D0E8CC7DD009D7055 /* AudioToolbox.framework in Frameworks */,
				E45BE97E0E8CC7DD009D7055 /* Carbon.framework in Frameworks */,
				E45BE97F0E8CC7DD009D7055 /* CoreAudio.framework in Frameworks */,
				E45BE9800E8CC7DD009D7055 /* CoreFoundation.framework in Frameworks */,
				E45BE9810E8CC7DD009D7055 /* CoreServices.framework in Frameworks */,
				E45BE9830E8CC7DD009D7055 /* OpenGL.framework in Frameworks */,
				E45BE9840E8CC7DD009D7055 /* QuickTime.framework in Frameworks */,
				E4C2424710CC5A17004149E2 /* AppKit.framework in Frameworks */,
				E4C2424810CC5A17004149E2 /* Cocoa.framework in Frameworks */,
				E4C2424910CC5A17004149E2 /* IOKit.framework in Frameworks */,
				270A248D141220590073405C /* CoreMIDI.framework in Frameworks */,
			);
			runOnlyForDeploymentPostprocessing = 0;
		};
		E7012CE518F34AD800A3F1EB /* Frameworks */ = {
			isa = PBXFrameworksBuildPhase;
			buildActionMask = 2147483647;
			files = (
				F3C93FD019B4DE7D001CF123 /* libovr.a in Frameworks */,
				E7012CE618F34AD800A3F1EB /* QTKit.framework in Frameworks */,
				E7012CE718F34AD800A3F1EB /* Accelerate.framework in Frameworks */,
				E7012CE818F34AD800A3F1EB /* QuartzCore.framework in Frameworks */,
				E7012CE918F34AD800A3F1EB /* CoreMedia.framework in Frameworks */,
				F3C93FD619B4DE7D001CF123 /* libovr.a in Frameworks */,
				E7012CEA18F34AD800A3F1EB /* CoreVideo.framework in Frameworks */,
				F3C941BE19B4DEB5001CF123 /* libftgl.a in Frameworks */,
				E7012CEB18F34AD800A3F1EB /* GLUT.framework in Frameworks */,
				E7012CEC18F34AD800A3F1EB /* openFrameworksDebug.a in Frameworks */,
				E7012CED18F34AD800A3F1EB /* AGL.framework in Frameworks */,
				E7012CEE18F34AD800A3F1EB /* ApplicationServices.framework in Frameworks */,
				E7012CEF18F34AD800A3F1EB /* AudioToolbox.framework in Frameworks */,
				E7012CF018F34AD800A3F1EB /* Carbon.framework in Frameworks */,
				E7012CF118F34AD800A3F1EB /* CoreAudio.framework in Frameworks */,
				E7012CF218F34AD800A3F1EB /* CoreFoundation.framework in Frameworks */,
				E7012CF318F34AD800A3F1EB /* CoreServices.framework in Frameworks */,
				E7012CF418F34AD800A3F1EB /* OpenGL.framework in Frameworks */,
				E7012CF518F34AD800A3F1EB /* QuickTime.framework in Frameworks */,
				E7012CF618F34AD800A3F1EB /* AppKit.framework in Frameworks */,
				E7012CF718F34AD800A3F1EB /* Cocoa.framework in Frameworks */,
				E7012CF818F34AD800A3F1EB /* IOKit.framework in Frameworks */,
				E7012CF918F34AD800A3F1EB /* CoreMIDI.framework in Frameworks */,
			);
			runOnlyForDeploymentPostprocessing = 0;
		};
		E74C0A7B18F3B57C00061B6B /* Frameworks */ = {
			isa = PBXFrameworksBuildPhase;
			buildActionMask = 2147483647;
			files = (
				E74C0A7E18F3B57C00061B6B /* QuartzCore.framework in Frameworks */,
				E74C0A7F18F3B57C00061B6B /* CoreMedia.framework in Frameworks */,
				F3C941EC19B4E9E7001CF123 /* AVFoundation.framework in Frameworks */,
				F3C93FD119B4DE7D001CF123 /* libovr.a in Frameworks */,
				E74C0A7C18F3B57C00061B6B /* QTKit.framework in Frameworks */,
				E74C0A7D18F3B57C00061B6B /* Accelerate.framework in Frameworks */,
				F3C93FD719B4DE7D001CF123 /* libovr.a in Frameworks */,
				E74C0A8018F3B57C00061B6B /* CoreVideo.framework in Frameworks */,
				F3C941BF19B4DEB5001CF123 /* libftgl.a in Frameworks */,
				E74C0A8118F3B57C00061B6B /* GLUT.framework in Frameworks */,
				E74C0A8318F3B57C00061B6B /* openFrameworksDebug.a in Frameworks */,
				E74C0A8418F3B57C00061B6B /* AGL.framework in Frameworks */,
				E74C0A8518F3B57C00061B6B /* ApplicationServices.framework in Frameworks */,
				E74C0A8618F3B57C00061B6B /* AudioToolbox.framework in Frameworks */,
				E74C0A8718F3B57C00061B6B /* Carbon.framework in Frameworks */,
				E74C0A8818F3B57C00061B6B /* CoreAudio.framework in Frameworks */,
				E74C0A8918F3B57C00061B6B /* CoreFoundation.framework in Frameworks */,
				E74C0A8A18F3B57C00061B6B /* CoreServices.framework in Frameworks */,
				E74C0A8B18F3B57C00061B6B /* OpenGL.framework in Frameworks */,
				E74C0A8C18F3B57C00061B6B /* QuickTime.framework in Frameworks */,
				E74C0A8D18F3B57C00061B6B /* AppKit.framework in Frameworks */,
				E74C0A8E18F3B57C00061B6B /* Cocoa.framework in Frameworks */,
				E74C0A8F18F3B57C00061B6B /* IOKit.framework in Frameworks */,
				E74C0A9018F3B57C00061B6B /* CoreMIDI.framework in Frameworks */,
			);
			runOnlyForDeploymentPostprocessing = 0;
		};
/* End PBXFrameworksBuildPhase section */

/* Begin PBXGroup section */
		BB4B014C10F69532006C3DED /* addons */ = {
			isa = PBXGroup;
			children = (
				F3C940D419B4DEB3001CF123 /* ofxFTGL */,
				F3C93C9219B4DA9F001CF123 /* ofxOculusDK2 */,
			);
			name = addons;
			sourceTree = "<group>";
		};
		BBAB23C913894ECA00AA2426 /* system frameworks */ = {
			isa = PBXGroup;
			children = (
				F3C941EB19B4E9E7001CF123 /* AVFoundation.framework */,
				E70AB76918E221CC001E6A32 /* QTKit.framework */,
				E70AB76718E22140001E6A32 /* Accelerate.framework */,
				E70AB76518E2212C001E6A32 /* QuartzCore.framework */,
				E70AB76318E22124001E6A32 /* CoreMedia.framework */,
				E70AB76118E2211F001E6A32 /* CoreVideo.framework */,
				E4C2424410CC5A17004149E2 /* AppKit.framework */,
				E4C2424510CC5A17004149E2 /* Cocoa.framework */,
				E4C2424610CC5A17004149E2 /* IOKit.framework */,
				E45BE9710E8CC7DD009D7055 /* AGL.framework */,
				E45BE9720E8CC7DD009D7055 /* ApplicationServices.framework */,
				E45BE9730E8CC7DD009D7055 /* AudioToolbox.framework */,
				E45BE9740E8CC7DD009D7055 /* Carbon.framework */,
				E45BE9750E8CC7DD009D7055 /* CoreAudio.framework */,
				E45BE9760E8CC7DD009D7055 /* CoreFoundation.framework */,
				E45BE9770E8CC7DD009D7055 /* CoreServices.framework */,
				E45BE9790E8CC7DD009D7055 /* OpenGL.framework */,
				E45BE97A0E8CC7DD009D7055 /* QuickTime.framework */,
				270A248C141220590073405C /* CoreMIDI.framework */,
			);
			name = "system frameworks";
			sourceTree = "<group>";
		};
		BBAB23CA13894EDB00AA2426 /* 3rd party frameworks */ = {
			isa = PBXGroup;
			children = (
				BBAB23BE13894E4700AA2426 /* GLUT.framework */,
			);
			name = "3rd party frameworks";
			sourceTree = "<group>";
		};
		E4328144138ABC890047C5CB /* Products */ = {
			isa = PBXGroup;
			children = (
				E4328148138ABC890047C5CB /* openFrameworksDebug.a */,
			);
			name = Products;
			sourceTree = "<group>";
		};
		E45BE5980E8CC70C009D7055 /* frameworks */ = {
			isa = PBXGroup;
			children = (
				BBAB23CA13894EDB00AA2426 /* 3rd party frameworks */,
				BBAB23C913894ECA00AA2426 /* system frameworks */,
			);
			name = frameworks;
			sourceTree = "<group>";
		};
		E4B69B4A0A3A1720003C02F2 = {
			isa = PBXGroup;
			children = (
				E709DAAA18F3602500E67AA9 /* data */,
				E4EB6923138AFD0F00A09F29 /* Project.xcconfig */,
				E4B69E1C0A3A1BDC003C02F2 /* src */,
				E4EEC9E9138DF44700A80321 /* openFrameworks */,
				BB4B014C10F69532006C3DED /* addons */,
				E45BE5980E8CC70C009D7055 /* frameworks */,
				E4B69B5B0A3A1756003C02F2 /* CrossingBordersVRDebug.app */,
				E7012D0018F34AD800A3F1EB /* CrossingBordersVR4kDebug.app */,
				E7012D0118F34AD800A3F1EB /* OculusVideoViewer copy-Info.plist */,
				E74C0A9B18F3B57C00061B6B /* OculusVideoPlayerDebug.app */,
				E74C0A9C18F3B57D00061B6B /* CrossingBorders4k copy-Info.plist */,
			);
			sourceTree = "<group>";
		};
		E4B69E1C0A3A1BDC003C02F2 /* src */ = {
			isa = PBXGroup;
			children = (
				F3C941E119B4E9B3001CF123 /* ofAVFMovieRenderer.h */,
				F3C941E219B4E9B3001CF123 /* ofAVFMovieRenderer.m */,
				F3C941E319B4E9B3001CF123 /* ofAVFoundationPlayer.h */,
				F3C941E419B4E9B3001CF123 /* ofAVFoundationPlayer.mm */,
				E4B69E1D0A3A1BDC003C02F2 /* main.cpp */,
				E4B69E1F0A3A1BDC003C02F2 /* testApp.h */,
				E4B69E1E0A3A1BDC003C02F2 /* testApp.cpp */,
			);
			path = src;
			sourceTree = SOURCE_ROOT;
		};
		E4EEC9E9138DF44700A80321 /* openFrameworks */ = {
			isa = PBXGroup;
			children = (
				E4EB691F138AFCF100A09F29 /* CoreOF.xcconfig */,
				E4328143138ABC890047C5CB /* openFrameworksLib.xcodeproj */,
				E4B6FCAD0C3E899E008CF71C /* openFrameworks-Info.plist */,
			);
			name = openFrameworks;
			sourceTree = "<group>";
		};
		E709DAAA18F3602500E67AA9 /* data */ = {
			isa = PBXGroup;
			children = (
				E74C0A9F18F3B91D00061B6B /* video_test_pattern.png */,
				E74C0A9D18F3B5AF00061B6B /* icon_riftplayer.icns */,
				E709DACE18F3741D00E67AA9 /* icon_booka.icns */,
				E709DAAC18F3602500E67AA9 /* font */,
				E709DAAE18F3602500E67AA9 /* movies */,
			);
			name = data;
			path = bin/data;
			sourceTree = "<group>";
		};
		E709DAAC18F3602500E67AA9 /* font */ = {
			isa = PBXGroup;
			children = (
				E709DAAD18F3602500E67AA9 /* HelveticaNeueBold.ttf */,
			);
			path = font;
			sourceTree = "<group>";
		};
		E709DAAE18F3602500E67AA9 /* movies */ = {
			isa = PBXGroup;
			children = (
				E709DAAF18F3602500E67AA9 /* CrossingBorders_1080p_h264 */,
				E709DAB018F3602500E67AA9 /* CrossingBorders_4k_h264 */,
			);
			path = movies;
			sourceTree = "<group>";
		};
		F3C93C9219B4DA9F001CF123 /* ofxOculusDK2 */ = {
			isa = PBXGroup;
			children = (
				F3C93EF019B4DE7D001CF123 /* LibOVR */,
				F3C93D9519B4DAA0001CF123 /* src */,
			);
			name = ofxOculusDK2;
			path = ../../../addons/ofxOculusDK2;
			sourceTree = "<group>";
		};
		F3C93D9519B4DAA0001CF123 /* src */ = {
			isa = PBXGroup;
			children = (
				F3C93D9619B4DAA0001CF123 /* ofxOculusDK2.cpp */,
				F3C93D9719B4DAA0001CF123 /* ofxOculusDK2.h */,
			);
			path = src;
			sourceTree = "<group>";
		};
		F3C93EF019B4DE7D001CF123 /* LibOVR */ = {
			isa = PBXGroup;
			children = (
				F3C93EF519B4DE7D001CF123 /* Lib */,
			);
			name = LibOVR;
			path = libs/LibOVR;
			sourceTree = "<group>";
		};
		F3C93EF519B4DE7D001CF123 /* Lib */ = {
			isa = PBXGroup;
			children = (
				F3C93EF619B4DE7D001CF123 /* MacOS */,
			);
			path = Lib;
			sourceTree = "<group>";
		};
		F3C93EF619B4DE7D001CF123 /* MacOS */ = {
			isa = PBXGroup;
			children = (
				F3C93EF919B4DE7D001CF123 /* Debug32 */,
				F3C93EFD19B4DE7D001CF123 /* Release32 */,
			);
			path = MacOS;
			sourceTree = "<group>";
		};
		F3C93EF919B4DE7D001CF123 /* Debug32 */ = {
			isa = PBXGroup;
			children = (
				F3C93EFA19B4DE7D001CF123 /* libovr.a */,
			);
			path = Debug32;
			sourceTree = "<group>";
		};
		F3C93EFD19B4DE7D001CF123 /* Release32 */ = {
			isa = PBXGroup;
			children = (
				F3C93EFE19B4DE7D001CF123 /* libovr.a */,
			);
			path = Release32;
			sourceTree = "<group>";
		};
		F3C940D419B4DEB3001CF123 /* ofxFTGL */ = {
			isa = PBXGroup;
			children = (
				F3C940D519B4DEB3001CF123 /* .gitignore */,
				F3C9411C19B4DEB4001CF123 /* libs */,
				F3C9414419B4DEB4001CF123 /* README.md */,
				F3C9414519B4DEB4001CF123 /* src */,
			);
			name = ofxFTGL;
			path = ../../../addons/ofxFTGL;
			sourceTree = "<group>";
		};
		F3C9411C19B4DEB4001CF123 /* libs */ = {
			isa = PBXGroup;
			children = (
				F3C9411D19B4DEB4001CF123 /* FTGL */,
			);
			path = libs;
			sourceTree = "<group>";
		};
		F3C9411D19B4DEB4001CF123 /* FTGL */ = {
			isa = PBXGroup;
			children = (
				F3C9411E19B4DEB4001CF123 /* include */,
				F3C9413619B4DEB4001CF123 /* lib */,
			);
			path = FTGL;
			sourceTree = "<group>";
		};
		F3C9411E19B4DEB4001CF123 /* include */ = {
			isa = PBXGroup;
			children = (
				F3C9411F19B4DEB4001CF123 /* FTGL */,
			);
			path = include;
			sourceTree = "<group>";
		};
		F3C9411F19B4DEB4001CF123 /* FTGL */ = {
			isa = PBXGroup;
			children = (
				F3C9412019B4DEB4001CF123 /* FTBBox.h */,
				F3C9412119B4DEB4001CF123 /* FTBitmapGlyph.h */,
				F3C9412219B4DEB4001CF123 /* FTBuffer.h */,
				F3C9412319B4DEB4001CF123 /* FTBufferFont.h */,
				F3C9412419B4DEB4001CF123 /* FTBufferGlyph.h */,
				F3C9412519B4DEB4001CF123 /* FTExtrdGlyph.h */,
				F3C9412619B4DEB4001CF123 /* FTFont.h */,
				F3C9412719B4DEB4001CF123 /* ftgl.h */,
				F3C9412819B4DEB4001CF123 /* FTGLBitmapFont.h */,
				F3C9412919B4DEB4001CF123 /* FTGLExtrdFont.h */,
				F3C9412A19B4DEB4001CF123 /* FTGLOutlineFont.h */,
				F3C9412B19B4DEB4001CF123 /* FTGLPixmapFont.h */,
				F3C9412C19B4DEB4001CF123 /* FTGLPolygonFont.h */,
				F3C9412D19B4DEB4001CF123 /* FTGLTextureFont.h */,
				F3C9412E19B4DEB4001CF123 /* FTGlyph.h */,
				F3C9412F19B4DEB4001CF123 /* FTLayout.h */,
				F3C9413019B4DEB4001CF123 /* FTOutlineGlyph.h */,
				F3C9413119B4DEB4001CF123 /* FTPixmapGlyph.h */,
				F3C9413219B4DEB4001CF123 /* FTPoint.h */,
				F3C9413319B4DEB4001CF123 /* FTPolyGlyph.h */,
				F3C9413419B4DEB4001CF123 /* FTSimpleLayout.h */,
				F3C9413519B4DEB4001CF123 /* FTTextureGlyph.h */,
			);
			path = FTGL;
			sourceTree = "<group>";
		};
		F3C9413619B4DEB4001CF123 /* lib */ = {
			isa = PBXGroup;
			children = (
				F3C9413B19B4DEB4001CF123 /* osx */,
			);
			path = lib;
			sourceTree = "<group>";
		};
		F3C9413B19B4DEB4001CF123 /* osx */ = {
			isa = PBXGroup;
			children = (
				F3C9413D19B4DEB4001CF123 /* libftgl.a */,
			);
			path = osx;
			sourceTree = "<group>";
		};
		F3C9414519B4DEB4001CF123 /* src */ = {
			isa = PBXGroup;
			children = (
				F3C9414619B4DEB4001CF123 /* ofxFTGL.h */,
				F3C9414719B4DEB4001CF123 /* ofxFTGLFont.cpp */,
				F3C9414819B4DEB4001CF123 /* ofxFTGLFont.h */,
				F3C9414919B4DEB4001CF123 /* ofxFTGLSimpleLayout.cpp */,
				F3C9414A19B4DEB4001CF123 /* ofxFTGLSimpleLayout.h */,
			);
			path = src;
			sourceTree = "<group>";
		};
/* End PBXGroup section */

/* Begin PBXNativeTarget section */
		E4B69B5A0A3A1756003C02F2 /* CrossigBorders */ = {
			isa = PBXNativeTarget;
			buildConfigurationList = E4B69B5F0A3A1757003C02F2 /* Build configuration list for PBXNativeTarget "CrossigBorders" */;
			buildPhases = (
				E4B69B580A3A1756003C02F2 /* Sources */,
				E4B69B590A3A1756003C02F2 /* Frameworks */,
				E4B6FFFD0C3F9AB9008CF71C /* ShellScript */,
				E4C2427710CC5ABF004149E2 /* CopyFiles */,
				E709DAB518F3606900E67AA9 /* Resources */,
			);
			buildRules = (
			);
			dependencies = (
				E4EEB9AC138B136A00A80321 /* PBXTargetDependency */,
			);
			name = CrossigBorders;
			productName = myOFApp;
			productReference = E4B69B5B0A3A1756003C02F2 /* CrossingBordersVRDebug.app */;
			productType = "com.apple.product-type.application";
		};
		E7012CDE18F34AD800A3F1EB /* CrossingBorders4k */ = {
			isa = PBXNativeTarget;
			buildConfigurationList = E7012CFD18F34AD800A3F1EB /* Build configuration list for PBXNativeTarget "CrossingBorders4k" */;
			buildPhases = (
				E7012CE118F34AD800A3F1EB /* Sources */,
				E7012CE518F34AD800A3F1EB /* Frameworks */,
				E7012CFA18F34AD800A3F1EB /* ShellScript */,
				E7012CFB18F34AD800A3F1EB /* CopyFiles */,
				E7012D0318F34E6800A3F1EB /* Resources */,
			);
			buildRules = (
			);
			dependencies = (
				E7012CDF18F34AD800A3F1EB /* PBXTargetDependency */,
			);
			name = CrossingBorders4k;
			productName = myOFApp;
			productReference = E7012D0018F34AD800A3F1EB /* CrossingBordersVR4kDebug.app */;
			productType = "com.apple.product-type.application";
		};
		E74C0A7218F3B57C00061B6B /* OculusVideoPlayer */ = {
			isa = PBXNativeTarget;
			buildConfigurationList = E74C0A9818F3B57C00061B6B /* Build configuration list for PBXNativeTarget "OculusVideoPlayer" */;
			buildPhases = (
				E74C0A7518F3B57C00061B6B /* Sources */,
				E74C0A7B18F3B57C00061B6B /* Frameworks */,
				E74C0A9118F3B57C00061B6B /* ShellScript */,
				E74C0A9218F3B57C00061B6B /* CopyFiles */,
				E74C0A9418F3B57C00061B6B /* Resources */,
			);
			buildRules = (
			);
			dependencies = (
				E74C0A7318F3B57C00061B6B /* PBXTargetDependency */,
			);
			name = OculusVideoPlayer;
			productName = myOFApp;
			productReference = E74C0A9B18F3B57C00061B6B /* OculusVideoPlayerDebug.app */;
			productType = "com.apple.product-type.application";
		};
/* End PBXNativeTarget section */

/* Begin PBXProject section */
		E4B69B4C0A3A1720003C02F2 /* Project object */ = {
			isa = PBXProject;
			attributes = {
				LastUpgradeCheck = 0420;
			};
			buildConfigurationList = E4B69B4D0A3A1720003C02F2 /* Build configuration list for PBXProject "OculusVideoViewer" */;
			compatibilityVersion = "Xcode 3.2";
			developmentRegion = English;
			hasScannedForEncodings = 0;
			knownRegions = (
				English,
				Japanese,
				French,
				German,
			);
			mainGroup = E4B69B4A0A3A1720003C02F2;
			productRefGroup = E4B69B4A0A3A1720003C02F2;
			projectDirPath = "";
			projectReferences = (
				{
					ProductGroup = E4328144138ABC890047C5CB /* Products */;
					ProjectRef = E4328143138ABC890047C5CB /* openFrameworksLib.xcodeproj */;
				},
			);
			projectRoot = "";
			targets = (
				E4B69B5A0A3A1756003C02F2 /* CrossigBorders */,
				E7012CDE18F34AD800A3F1EB /* CrossingBorders4k */,
				E74C0A7218F3B57C00061B6B /* OculusVideoPlayer */,
			);
		};
/* End PBXProject section */

/* Begin PBXReferenceProxy section */
		E4328148138ABC890047C5CB /* openFrameworksDebug.a */ = {
			isa = PBXReferenceProxy;
			fileType = archive.ar;
			path = openFrameworksDebug.a;
			remoteRef = E4328147138ABC890047C5CB /* PBXContainerItemProxy */;
			sourceTree = BUILT_PRODUCTS_DIR;
		};
/* End PBXReferenceProxy section */

/* Begin PBXResourcesBuildPhase section */
		E7012D0318F34E6800A3F1EB /* Resources */ = {
			isa = PBXResourcesBuildPhase;
			buildActionMask = 2147483647;
			files = (
				F3C9414C19B4DEB4001CF123 /* .gitignore in Resources */,
				E709DAD018F3741D00E67AA9 /* icon_booka.icns in Resources */,
				E709DAB218F3602500E67AA9 /* HelveticaNeueBold.ttf in Resources */,
				F3C941CD19B4DEB5001CF123 /* README.md in Resources */,
				E709DAB418F3602500E67AA9 /* CrossingBorders_4k_h264 in Resources */,
			);
			runOnlyForDeploymentPostprocessing = 0;
		};
		E709DAB518F3606900E67AA9 /* Resources */ = {
			isa = PBXResourcesBuildPhase;
			buildActionMask = 2147483647;
			files = (
				F3C9414B19B4DEB4001CF123 /* .gitignore in Resources */,
				E709DACF18F3741D00E67AA9 /* icon_booka.icns in Resources */,
				E709DAB618F3606D00E67AA9 /* CrossingBorders_1080p_h264 in Resources */,
				F3C941CC19B4DEB5001CF123 /* README.md in Resources */,
				E709DAB718F3607000E67AA9 /* HelveticaNeueBold.ttf in Resources */,
			);
			runOnlyForDeploymentPostprocessing = 0;
		};
		E74C0A9418F3B57C00061B6B /* Resources */ = {
			isa = PBXResourcesBuildPhase;
			buildActionMask = 2147483647;
			files = (
				F3C9414D19B4DEB4001CF123 /* .gitignore in Resources */,
				E74C0AA018F3B91D00061B6B /* video_test_pattern.png in Resources */,
				E74C0A9E18F3B5AF00061B6B /* icon_riftplayer.icns in Resources */,
				F3C941CE19B4DEB5001CF123 /* README.md in Resources */,
				E74C0A9618F3B57C00061B6B /* HelveticaNeueBold.ttf in Resources */,
			);
			runOnlyForDeploymentPostprocessing = 0;
		};
/* End PBXResourcesBuildPhase section */

/* Begin PBXShellScriptBuildPhase section */
		E4B6FFFD0C3F9AB9008CF71C /* ShellScript */ = {
			isa = PBXShellScriptBuildPhase;
			buildActionMask = 2147483647;
			files = (
			);
			inputPaths = (
			);
			outputPaths = (
			);
			runOnlyForDeploymentPostprocessing = 0;
			shellPath = /bin/sh;
			shellScript = "cp -f ../../../libs/fmodex/lib/osx/libfmodex.dylib \"$TARGET_BUILD_DIR/$PRODUCT_NAME.app/Contents/MacOS/libfmodex.dylib\"; install_name_tool -change ./libfmodex.dylib @executable_path/libfmodex.dylib \"$TARGET_BUILD_DIR/$PRODUCT_NAME.app/Contents/MacOS/$PRODUCT_NAME\";";
		};
		E7012CFA18F34AD800A3F1EB /* ShellScript */ = {
			isa = PBXShellScriptBuildPhase;
			buildActionMask = 2147483647;
			files = (
			);
			inputPaths = (
			);
			outputPaths = (
			);
			runOnlyForDeploymentPostprocessing = 0;
			shellPath = /bin/sh;
			shellScript = "cp -f ../../../libs/fmodex/lib/osx/libfmodex.dylib \"$TARGET_BUILD_DIR/$PRODUCT_NAME.app/Contents/MacOS/libfmodex.dylib\"; install_name_tool -change ./libfmodex.dylib @executable_path/libfmodex.dylib \"$TARGET_BUILD_DIR/$PRODUCT_NAME.app/Contents/MacOS/$PRODUCT_NAME\";";
		};
		E74C0A9118F3B57C00061B6B /* ShellScript */ = {
			isa = PBXShellScriptBuildPhase;
			buildActionMask = 2147483647;
			files = (
			);
			inputPaths = (
			);
			outputPaths = (
			);
			runOnlyForDeploymentPostprocessing = 0;
			shellPath = /bin/sh;
			shellScript = "cp -f ../../../libs/fmodex/lib/osx/libfmodex.dylib \"$TARGET_BUILD_DIR/$PRODUCT_NAME.app/Contents/MacOS/libfmodex.dylib\"; install_name_tool -change ./libfmodex.dylib @executable_path/libfmodex.dylib \"$TARGET_BUILD_DIR/$PRODUCT_NAME.app/Contents/MacOS/$PRODUCT_NAME\";";
		};
/* End PBXShellScriptBuildPhase section */

/* Begin PBXSourcesBuildPhase section */
		E4B69B580A3A1756003C02F2 /* Sources */ = {
			isa = PBXSourcesBuildPhase;
			buildActionMask = 2147483647;
			files = (
				F3C941D219B4DEB5001CF123 /* ofxFTGLSimpleLayout.cpp in Sources */,
				F3C941E819B4E9B3001CF123 /* ofAVFoundationPlayer.mm in Sources */,
				F3C941CF19B4DEB5001CF123 /* ofxFTGLFont.cpp in Sources */,
				F3C93EE819B4DAA1001CF123 /* ofxOculusDK2.cpp in Sources */,
				E4B69E200A3A1BDC003C02F2 /* main.cpp in Sources */,
				F3C941E519B4E9B3001CF123 /* ofAVFMovieRenderer.m in Sources */,
				E4B69E210A3A1BDC003C02F2 /* testApp.cpp in Sources */,
			);
			runOnlyForDeploymentPostprocessing = 0;
		};
		E7012CE118F34AD800A3F1EB /* Sources */ = {
			isa = PBXSourcesBuildPhase;
			buildActionMask = 2147483647;
			files = (
				F3C941D319B4DEB5001CF123 /* ofxFTGLSimpleLayout.cpp in Sources */,
				F3C941E919B4E9B3001CF123 /* ofAVFoundationPlayer.mm in Sources */,
				F3C941D019B4DEB5001CF123 /* ofxFTGLFont.cpp in Sources */,
				F3C93EE919B4DAA1001CF123 /* ofxOculusDK2.cpp in Sources */,
				E7012CE218F34AD800A3F1EB /* main.cpp in Sources */,
				F3C941E619B4E9B3001CF123 /* ofAVFMovieRenderer.m in Sources */,
				E7012CE318F34AD800A3F1EB /* testApp.cpp in Sources */,
			);
			runOnlyForDeploymentPostprocessing = 0;
		};
		E74C0A7518F3B57C00061B6B /* Sources */ = {
			isa = PBXSourcesBuildPhase;
			buildActionMask = 2147483647;
			files = (
				F3C941D419B4DEB5001CF123 /* ofxFTGLSimpleLayout.cpp in Sources */,
				F3C941EA19B4E9B3001CF123 /* ofAVFoundationPlayer.mm in Sources */,
				F3C941D119B4DEB5001CF123 /* ofxFTGLFont.cpp in Sources */,
				F3C93EEA19B4DAA1001CF123 /* ofxOculusDK2.cpp in Sources */,
				E74C0A7818F3B57C00061B6B /* main.cpp in Sources */,
				F3C941E719B4E9B3001CF123 /* ofAVFMovieRenderer.m in Sources */,
				E74C0A7918F3B57C00061B6B /* testApp.cpp in Sources */,
			);
			runOnlyForDeploymentPostprocessing = 0;
		};
/* End PBXSourcesBuildPhase section */

/* Begin PBXTargetDependency section */
		E4EEB9AC138B136A00A80321 /* PBXTargetDependency */ = {
			isa = PBXTargetDependency;
			name = openFrameworks;
			targetProxy = E4EEB9AB138B136A00A80321 /* PBXContainerItemProxy */;
		};
		E7012CDF18F34AD800A3F1EB /* PBXTargetDependency */ = {
			isa = PBXTargetDependency;
			name = openFrameworks;
			targetProxy = E7012CE018F34AD800A3F1EB /* PBXContainerItemProxy */;
		};
		E74C0A7318F3B57C00061B6B /* PBXTargetDependency */ = {
			isa = PBXTargetDependency;
			name = openFrameworks;
			targetProxy = E74C0A7418F3B57C00061B6B /* PBXContainerItemProxy */;
		};
/* End PBXTargetDependency section */

/* Begin XCBuildConfiguration section */
		E4B69B4E0A3A1720003C02F2 /* Debug */ = {
			isa = XCBuildConfiguration;
			baseConfigurationReference = E4EB6923138AFD0F00A09F29 /* Project.xcconfig */;
			buildSettings = {
				ARCHS = "$(NATIVE_ARCH)";
				CONFIGURATION_BUILD_DIR = "$(SRCROOT)/bin/";
				COPY_PHASE_STRIP = NO;
				DEAD_CODE_STRIPPING = YES;
				GCC_AUTO_VECTORIZATION = YES;
				GCC_ENABLE_SSE3_EXTENSIONS = YES;
				GCC_ENABLE_SUPPLEMENTAL_SSE3_INSTRUCTIONS = YES;
				GCC_INLINES_ARE_PRIVATE_EXTERN = NO;
				GCC_MODEL_TUNING = G5;
				GCC_SYMBOLS_PRIVATE_EXTERN = NO;
				GCC_VERSION = "";
				GCC_WARN_ABOUT_DEPRECATED_FUNCTIONS = NO;
				GCC_WARN_ABOUT_INVALID_OFFSETOF_MACRO = NO;
				GCC_WARN_ALLOW_INCOMPLETE_PROTOCOL = NO;
				GCC_WARN_UNINITIALIZED_AUTOS = NO;
				GCC_WARN_UNUSED_VALUE = NO;
				GCC_WARN_UNUSED_VARIABLE = NO;
				HEADER_SEARCH_PATHS = (
					"$(OF_CORE_HEADERS)",
					"$(OF_ADDON_HEADERS)",
					"$(OF_PATH)/addons/ofxFTGL/libs/FTGL/include",
				);
				MACOSX_DEPLOYMENT_TARGET = 10.6;
				OTHER_CPLUSPLUSFLAGS = (
					"-D__MACOSX_CORE__",
					"-lpthread",
				);
				SDKROOT = macosx10.8;
			};
			name = Debug;
		};
		E4B69B4F0A3A1720003C02F2 /* Release */ = {
			isa = XCBuildConfiguration;
			baseConfigurationReference = E4EB6923138AFD0F00A09F29 /* Project.xcconfig */;
			buildSettings = {
				ARCHS = "$(NATIVE_ARCH)";
				CONFIGURATION_BUILD_DIR = "$(SRCROOT)/bin/";
				COPY_PHASE_STRIP = YES;
				DEAD_CODE_STRIPPING = YES;
				GCC_AUTO_VECTORIZATION = YES;
				GCC_ENABLE_SSE3_EXTENSIONS = YES;
				GCC_ENABLE_SUPPLEMENTAL_SSE3_INSTRUCTIONS = YES;
				GCC_INLINES_ARE_PRIVATE_EXTERN = NO;
				GCC_MODEL_TUNING = G5;
				GCC_OPTIMIZATION_LEVEL = 3;
				GCC_SYMBOLS_PRIVATE_EXTERN = NO;
				GCC_UNROLL_LOOPS = YES;
				GCC_VERSION = "";
				GCC_WARN_ABOUT_DEPRECATED_FUNCTIONS = NO;
				GCC_WARN_ABOUT_INVALID_OFFSETOF_MACRO = NO;
				GCC_WARN_ALLOW_INCOMPLETE_PROTOCOL = NO;
				GCC_WARN_UNINITIALIZED_AUTOS = NO;
				GCC_WARN_UNUSED_VALUE = NO;
				GCC_WARN_UNUSED_VARIABLE = NO;
				HEADER_SEARCH_PATHS = (
					"$(OF_CORE_HEADERS)",
					"$(OF_ADDON_HEADERS)",
					"$(OF_PATH)/addons/ofxFTGL/libs/FTGL/include",
				);
				MACOSX_DEPLOYMENT_TARGET = 10.6;
				OTHER_CPLUSPLUSFLAGS = (
					"-D__MACOSX_CORE__",
					"-lpthread",
				);
				SDKROOT = macosx10.8;
			};
			name = Release;
		};
		E4B69B600A3A1757003C02F2 /* Debug */ = {
			isa = XCBuildConfiguration;
			buildSettings = {
				COPY_PHASE_STRIP = NO;
				FRAMEWORK_SEARCH_PATHS = (
					"$(inherited)",
					"$(FRAMEWORK_SEARCH_PATHS_QUOTED_FOR_TARGET_1)",
				);
				FRAMEWORK_SEARCH_PATHS_QUOTED_FOR_TARGET_1 = "\"$(SRCROOT)/../../../libs/glut/lib/osx\"";
				GCC_DYNAMIC_NO_PIC = NO;
				GCC_GENERATE_DEBUGGING_SYMBOLS = YES;
				GCC_MODEL_TUNING = G4;
				GCC_PRECOMPILE_PREFIX_HEADER = YES;
				GCC_PREFIX_HEADER = "$(SYSTEM_LIBRARY_DIR)/Frameworks/Carbon.framework/Headers/Carbon.h";
				GCC_PREPROCESSOR_DEFINITIONS = "VIDEO_FILE_NAME=CrossingBorders_1080p_h264";
				INFOPLIST_FILE = "openFrameworks-Info.plist";
				INSTALL_PATH = "$(HOME)/Applications";
				LIBRARY_SEARCH_PATHS = (
					"$(inherited)",
					"$(LIBRARY_SEARCH_PATHS_QUOTED_FOR_TARGET_1)",
					"$(LIBRARY_SEARCH_PATHS_QUOTED_FOR_TARGET_2)",
					"$(LIBRARY_SEARCH_PATHS_QUOTED_FOR_TARGET_3)",
					"$(LIBRARY_SEARCH_PATHS_QUOTED_FOR_TARGET_4)",
					"$(LIBRARY_SEARCH_PATHS_QUOTED_FOR_TARGET_5)",
					"$(LIBRARY_SEARCH_PATHS_QUOTED_FOR_TARGET_6)",
					"$(LIBRARY_SEARCH_PATHS_QUOTED_FOR_TARGET_7)",
					"$(LIBRARY_SEARCH_PATHS_QUOTED_FOR_TARGET_8)",
					"$(LIBRARY_SEARCH_PATHS_QUOTED_FOR_TARGET_9)",
					"$(LIBRARY_SEARCH_PATHS_QUOTED_FOR_TARGET_10)",
					"$(LIBRARY_SEARCH_PATHS_QUOTED_FOR_TARGET_11)",
					"$(LIBRARY_SEARCH_PATHS_QUOTED_FOR_TARGET_12)",
					"$(LIBRARY_SEARCH_PATHS_QUOTED_FOR_TARGET_13)",
					"$(LIBRARY_SEARCH_PATHS_QUOTED_FOR_TARGET_14)",
					"$(LIBRARY_SEARCH_PATHS_QUOTED_FOR_TARGET_15)",
					"$(LIBRARY_SEARCH_PATHS_QUOTED_FOR_TARGET_2)",
					"$(LIBRARY_SEARCH_PATHS_QUOTED_FOR_TARGET_3)",
					"$(LIBRARY_SEARCH_PATHS_QUOTED_FOR_TARGET_7)",
					"$(LIBRARY_SEARCH_PATHS_QUOTED_FOR_TARGET_8)",
					"$(LIBRARY_SEARCH_PATHS_QUOTED_FOR_TARGET_9)",
					"$(LIBRARY_SEARCH_PATHS_QUOTED_FOR_TARGET_10)",
					"$(LIBRARY_SEARCH_PATHS_QUOTED_FOR_TARGET_11)",
					"$(LIBRARY_SEARCH_PATHS_QUOTED_FOR_TARGET_12)",
					"$(LIBRARY_SEARCH_PATHS_QUOTED_FOR_TARGET_13)",
					"$(LIBRARY_SEARCH_PATHS_QUOTED_FOR_TARGET_16)",
					"$(LIBRARY_SEARCH_PATHS_QUOTED_FOR_TARGET_17)",
					"$(LIBRARY_SEARCH_PATHS_QUOTED_FOR_TARGET_18)",
					"$(LIBRARY_SEARCH_PATHS_QUOTED_FOR_TARGET_19)",
					"$(LIBRARY_SEARCH_PATHS_QUOTED_FOR_TARGET_20)",
					"$(LIBRARY_SEARCH_PATHS_QUOTED_FOR_TARGET_21)",
					"$(LIBRARY_SEARCH_PATHS_QUOTED_FOR_TARGET_22)",
					"$(LIBRARY_SEARCH_PATHS_QUOTED_FOR_TARGET_23)",
					"$(LIBRARY_SEARCH_PATHS_QUOTED_FOR_TARGET_24)",
					"$(LIBRARY_SEARCH_PATHS_QUOTED_FOR_TARGET_25)",
					"$(LIBRARY_SEARCH_PATHS_QUOTED_FOR_TARGET_26)",
					"$(LIBRARY_SEARCH_PATHS_QUOTED_FOR_TARGET_27)",
					"$(LIBRARY_SEARCH_PATHS_QUOTED_FOR_TARGET_28)",
					"$(LIBRARY_SEARCH_PATHS_QUOTED_FOR_TARGET_29)",
					"$(LIBRARY_SEARCH_PATHS_QUOTED_FOR_TARGET_30)",
					"$(LIBRARY_SEARCH_PATHS_QUOTED_FOR_TARGET_31)",
					"$(LIBRARY_SEARCH_PATHS_QUOTED_FOR_TARGET_32)",
					"$(LIBRARY_SEARCH_PATHS_QUOTED_FOR_TARGET_33)",
					"$(LIBRARY_SEARCH_PATHS_QUOTED_FOR_TARGET_34)",
					"$(LIBRARY_SEARCH_PATHS_QUOTED_FOR_TARGET_35)",
					"$(LIBRARY_SEARCH_PATHS_QUOTED_FOR_TARGET_36)",
					"$(LIBRARY_SEARCH_PATHS_QUOTED_FOR_TARGET_37)",
					"$(LIBRARY_SEARCH_PATHS_QUOTED_FOR_TARGET_38)",
					"$(LIBRARY_SEARCH_PATHS_QUOTED_FOR_TARGET_39)",
					"$(LIBRARY_SEARCH_PATHS_QUOTED_FOR_TARGET_40)",
					"$(LIBRARY_SEARCH_PATHS_QUOTED_FOR_TARGET_41)",
					"$(LIBRARY_SEARCH_PATHS_QUOTED_FOR_TARGET_42)",
					"$(LIBRARY_SEARCH_PATHS_QUOTED_FOR_TARGET_43)",
					"$(LIBRARY_SEARCH_PATHS_QUOTED_FOR_TARGET_44)",
					"$(LIBRARY_SEARCH_PATHS_QUOTED_FOR_TARGET_45)",
					"$(LIBRARY_SEARCH_PATHS_QUOTED_FOR_TARGET_46)",
					"$(LIBRARY_SEARCH_PATHS_QUOTED_FOR_TARGET_47)",
					"$(LIBRARY_SEARCH_PATHS_QUOTED_FOR_TARGET_48)",
					"$(LIBRARY_SEARCH_PATHS_QUOTED_FOR_TARGET_49)",
					"$(LIBRARY_SEARCH_PATHS_QUOTED_FOR_TARGET_50)",
					"$(LIBRARY_SEARCH_PATHS_QUOTED_FOR_TARGET_51)",
					"$(LIBRARY_SEARCH_PATHS_QUOTED_FOR_TARGET_52)",
					"$(OF_PATH)/addons/ofxFTGL/libs/FTGL/lib/osx",
					"$(OF_PATH)/addons/ofxOculusDK2/libs/LibOVR/Lib/MacOS/Debug32",
					/Users/obviousjim/Documents/xcode/of_v0.8.3_osx_release/addons/ofxOculusDK2/libs/LibOVR/Lib/MacOS/Debug,
					/Users/obviousjim/Documents/xcode/of_v0.8.3_osx_release/addons/ofxOculusDK2/libs/LibOVR/Lib/MacOS/Debug32,
					/Users/obviousjim/Documents/xcode/of_v0.8.3_osx_release/addons/ofxOculusDK2/libs/LibOVR/Lib/MacOS/Release,
					/Users/obviousjim/Documents/xcode/of_v0.8.3_osx_release/addons/ofxOculusDK2/libs/LibOVR/Lib/MacOS/Release32,
					/Users/obviousjim/Documents/xcode/of_v0.8.3_osx_release/addons/ofxOculusDK2/libs/LibOVR/Lib/x64/VS2010,
					/Users/obviousjim/Documents/xcode/of_v0.8.3_osx_release/addons/ofxOculusDK2/libs/LibOVR/Lib/x64/VS2012,
					/Users/obviousjim/Documents/xcode/of_v0.8.3_osx_release/addons/ofxOculusDK2/libs/LibOVR/Lib/x64/VS2013,
					/Users/obviousjim/Documents/xcode/of_v0.8.3_osx_release/addons/ofxFTGL/libs/FTGL/lib/linux,
					/Users/obviousjim/Documents/xcode/of_v0.8.3_osx_release/addons/ofxFTGL/libs/FTGL/lib/linux64,
					/Users/obviousjim/Documents/xcode/of_v0.8.3_osx_release/addons/ofxFTGL/libs/FTGL/lib/osx,
					/Users/obviousjim/Documents/xcode/of_v0.8.3_osx_release/addons/ofxFTGL/libs/FTGL/lib/vs,
					/Users/obviousjim/Documents/xcode/of_v0.8.3_osx_release/addons/ofxFTGL/libs/FTGL/lib/vs64,
				);
				OTHER_LDFLAGS = (
					"$(OF_CORE_LIBS)",
					"$(OF_PATH/addons/ofxOculusDK2/libs/LibOVR/Lib/MacOS/Debug32/libovr.a",
				);
				PRODUCT_NAME = CrossingBordersVRDebug;
				WRAPPER_EXTENSION = app;
			};
			name = Debug;
		};
		E4B69B610A3A1757003C02F2 /* Release */ = {
			isa = XCBuildConfiguration;
			buildSettings = {
				COPY_PHASE_STRIP = YES;
				FRAMEWORK_SEARCH_PATHS = (
					"$(inherited)",
					"$(FRAMEWORK_SEARCH_PATHS_QUOTED_FOR_TARGET_1)",
				);
				FRAMEWORK_SEARCH_PATHS_QUOTED_FOR_TARGET_1 = "\"$(SRCROOT)/../../../libs/glut/lib/osx\"";
				GCC_GENERATE_DEBUGGING_SYMBOLS = NO;
				GCC_MODEL_TUNING = G4;
				GCC_PRECOMPILE_PREFIX_HEADER = YES;
				GCC_PREFIX_HEADER = "$(SYSTEM_LIBRARY_DIR)/Frameworks/Carbon.framework/Headers/Carbon.h";
				GCC_PREPROCESSOR_DEFINITIONS = "VIDEO_FILE_NAME=CrossingBorders_1080p_h264";
				INFOPLIST_FILE = "openFrameworks-Info.plist";
				INSTALL_PATH = "$(HOME)/Applications";
				LIBRARY_SEARCH_PATHS = (
					"$(inherited)",
					"$(LIBRARY_SEARCH_PATHS_QUOTED_FOR_TARGET_1)",
					"$(LIBRARY_SEARCH_PATHS_QUOTED_FOR_TARGET_2)",
					"$(LIBRARY_SEARCH_PATHS_QUOTED_FOR_TARGET_3)",
					"$(LIBRARY_SEARCH_PATHS_QUOTED_FOR_TARGET_4)",
					"$(LIBRARY_SEARCH_PATHS_QUOTED_FOR_TARGET_5)",
					"$(LIBRARY_SEARCH_PATHS_QUOTED_FOR_TARGET_6)",
					"$(LIBRARY_SEARCH_PATHS_QUOTED_FOR_TARGET_7)",
					"$(LIBRARY_SEARCH_PATHS_QUOTED_FOR_TARGET_8)",
					"$(LIBRARY_SEARCH_PATHS_QUOTED_FOR_TARGET_9)",
					"$(LIBRARY_SEARCH_PATHS_QUOTED_FOR_TARGET_10)",
					"$(LIBRARY_SEARCH_PATHS_QUOTED_FOR_TARGET_11)",
					"$(LIBRARY_SEARCH_PATHS_QUOTED_FOR_TARGET_12)",
					"$(LIBRARY_SEARCH_PATHS_QUOTED_FOR_TARGET_13)",
					"$(LIBRARY_SEARCH_PATHS_QUOTED_FOR_TARGET_14)",
					"$(LIBRARY_SEARCH_PATHS_QUOTED_FOR_TARGET_15)",
					"$(LIBRARY_SEARCH_PATHS_QUOTED_FOR_TARGET_2)",
					"$(LIBRARY_SEARCH_PATHS_QUOTED_1)",
					"$(LIBRARY_SEARCH_PATHS_QUOTED_FOR_TARGET_3)",
					"$(LIBRARY_SEARCH_PATHS_QUOTED_FOR_TARGET_7)",
					"$(LIBRARY_SEARCH_PATHS_QUOTED_FOR_TARGET_8)",
					"$(LIBRARY_SEARCH_PATHS_QUOTED_FOR_TARGET_9)",
					"$(LIBRARY_SEARCH_PATHS_QUOTED_FOR_TARGET_10)",
					"$(LIBRARY_SEARCH_PATHS_QUOTED_FOR_TARGET_11)",
					"$(LIBRARY_SEARCH_PATHS_QUOTED_FOR_TARGET_12)",
					"$(LIBRARY_SEARCH_PATHS_QUOTED_FOR_TARGET_13)",
					"$(LIBRARY_SEARCH_PATHS_QUOTED_FOR_TARGET_16)",
					"$(LIBRARY_SEARCH_PATHS_QUOTED_FOR_TARGET_17)",
					"$(LIBRARY_SEARCH_PATHS_QUOTED_FOR_TARGET_18)",
					"$(LIBRARY_SEARCH_PATHS_QUOTED_FOR_TARGET_19)",
					"$(LIBRARY_SEARCH_PATHS_QUOTED_FOR_TARGET_20)",
					"$(LIBRARY_SEARCH_PATHS_QUOTED_FOR_TARGET_21)",
					"$(LIBRARY_SEARCH_PATHS_QUOTED_FOR_TARGET_22)",
					"$(LIBRARY_SEARCH_PATHS_QUOTED_FOR_TARGET_23)",
					"$(LIBRARY_SEARCH_PATHS_QUOTED_FOR_TARGET_24)",
					"$(LIBRARY_SEARCH_PATHS_QUOTED_FOR_TARGET_25)",
					"$(LIBRARY_SEARCH_PATHS_QUOTED_FOR_TARGET_26)",
					"$(LIBRARY_SEARCH_PATHS_QUOTED_FOR_TARGET_27)",
					"$(LIBRARY_SEARCH_PATHS_QUOTED_FOR_TARGET_28)",
					"$(LIBRARY_SEARCH_PATHS_QUOTED_FOR_TARGET_29)",
					"$(LIBRARY_SEARCH_PATHS_QUOTED_FOR_TARGET_30)",
					"$(LIBRARY_SEARCH_PATHS_QUOTED_FOR_TARGET_31)",
					"$(LIBRARY_SEARCH_PATHS_QUOTED_FOR_TARGET_32)",
					"$(LIBRARY_SEARCH_PATHS_QUOTED_FOR_TARGET_33)",
					"$(LIBRARY_SEARCH_PATHS_QUOTED_FOR_TARGET_34)",
					"$(LIBRARY_SEARCH_PATHS_QUOTED_FOR_TARGET_35)",
					"$(LIBRARY_SEARCH_PATHS_QUOTED_FOR_TARGET_36)",
					"$(LIBRARY_SEARCH_PATHS_QUOTED_FOR_TARGET_37)",
					"$(LIBRARY_SEARCH_PATHS_QUOTED_FOR_TARGET_38)",
					"$(LIBRARY_SEARCH_PATHS_QUOTED_FOR_TARGET_39)",
					"$(LIBRARY_SEARCH_PATHS_QUOTED_FOR_TARGET_40)",
					"$(LIBRARY_SEARCH_PATHS_QUOTED_FOR_TARGET_41)",
					"$(LIBRARY_SEARCH_PATHS_QUOTED_FOR_TARGET_42)",
					"$(LIBRARY_SEARCH_PATHS_QUOTED_FOR_TARGET_43)",
					"$(LIBRARY_SEARCH_PATHS_QUOTED_FOR_TARGET_44)",
					"$(LIBRARY_SEARCH_PATHS_QUOTED_FOR_TARGET_45)",
					"$(LIBRARY_SEARCH_PATHS_QUOTED_FOR_TARGET_46)",
					"$(LIBRARY_SEARCH_PATHS_QUOTED_FOR_TARGET_47)",
					"$(LIBRARY_SEARCH_PATHS_QUOTED_FOR_TARGET_48)",
					"$(LIBRARY_SEARCH_PATHS_QUOTED_FOR_TARGET_49)",
					"$(LIBRARY_SEARCH_PATHS_QUOTED_FOR_TARGET_50)",
					"$(LIBRARY_SEARCH_PATHS_QUOTED_FOR_TARGET_51)",
					"$(OF_PATH)/addons/ofxFTGL/libs/FTGL/lib/osx",
					"$(OF_PATH)/addons/ofxOculusDK2/libs/LibOVR/Lib/MacOS/Release32",
					/Users/obviousjim/Documents/xcode/of_v0.8.3_osx_release/addons/ofxOculusDK2/libs/LibOVR/Lib/MacOS/Debug,
					/Users/obviousjim/Documents/xcode/of_v0.8.3_osx_release/addons/ofxOculusDK2/libs/LibOVR/Lib/MacOS/Debug32,
					/Users/obviousjim/Documents/xcode/of_v0.8.3_osx_release/addons/ofxOculusDK2/libs/LibOVR/Lib/MacOS/Release,
					/Users/obviousjim/Documents/xcode/of_v0.8.3_osx_release/addons/ofxOculusDK2/libs/LibOVR/Lib/MacOS/Release32,
					/Users/obviousjim/Documents/xcode/of_v0.8.3_osx_release/addons/ofxOculusDK2/libs/LibOVR/Lib/x64/VS2010,
					/Users/obviousjim/Documents/xcode/of_v0.8.3_osx_release/addons/ofxOculusDK2/libs/LibOVR/Lib/x64/VS2012,
					/Users/obviousjim/Documents/xcode/of_v0.8.3_osx_release/addons/ofxOculusDK2/libs/LibOVR/Lib/x64/VS2013,
					/Users/obviousjim/Documents/xcode/of_v0.8.3_osx_release/addons/ofxFTGL/libs/FTGL/lib/linux,
					/Users/obviousjim/Documents/xcode/of_v0.8.3_osx_release/addons/ofxFTGL/libs/FTGL/lib/linux64,
					/Users/obviousjim/Documents/xcode/of_v0.8.3_osx_release/addons/ofxFTGL/libs/FTGL/lib/osx,
					/Users/obviousjim/Documents/xcode/of_v0.8.3_osx_release/addons/ofxFTGL/libs/FTGL/lib/vs,
					/Users/obviousjim/Documents/xcode/of_v0.8.3_osx_release/addons/ofxFTGL/libs/FTGL/lib/vs64,
				);
				OTHER_LDFLAGS = (
					"$(OF_CORE_LIBS)",
					"$(OF_PATH/addons/ofxOculusDK2/libs/LibOVR/Lib/MacOS/Release32/libovr.a",
					"\b",
				);
				PRODUCT_NAME = CrossingBordersVR;
				WRAPPER_EXTENSION = app;
			};
			name = Release;
		};
		E7012CFE18F34AD800A3F1EB /* Debug */ = {
			isa = XCBuildConfiguration;
			buildSettings = {
				COPY_PHASE_STRIP = NO;
				FRAMEWORK_SEARCH_PATHS = (
					"$(inherited)",
					"$(FRAMEWORK_SEARCH_PATHS_QUOTED_FOR_TARGET_1)",
				);
				FRAMEWORK_SEARCH_PATHS_QUOTED_FOR_TARGET_1 = "\"$(SRCROOT)/../../../libs/glut/lib/osx\"";
				GCC_DYNAMIC_NO_PIC = NO;
				GCC_GENERATE_DEBUGGING_SYMBOLS = YES;
				GCC_MODEL_TUNING = G4;
				GCC_PRECOMPILE_PREFIX_HEADER = YES;
				GCC_PREFIX_HEADER = "$(SYSTEM_LIBRARY_DIR)/Frameworks/Carbon.framework/Headers/Carbon.h";
				GCC_PREPROCESSOR_DEFINITIONS = "VIDEO_FILE_NAME=CrossingBorders_4k_h264";
				INFOPLIST_FILE = "OculusVideoViewer copy-Info.plist";
				INSTALL_PATH = "$(HOME)/Applications";
				LIBRARY_SEARCH_PATHS = (
					"$(inherited)",
					"$(LIBRARY_SEARCH_PATHS_QUOTED_FOR_TARGET_1)",
					"$(LIBRARY_SEARCH_PATHS_QUOTED_FOR_TARGET_2)",
					"$(LIBRARY_SEARCH_PATHS_QUOTED_FOR_TARGET_3)",
					"$(LIBRARY_SEARCH_PATHS_QUOTED_FOR_TARGET_4)",
					"$(LIBRARY_SEARCH_PATHS_QUOTED_FOR_TARGET_5)",
					"$(LIBRARY_SEARCH_PATHS_QUOTED_FOR_TARGET_6)",
					"$(LIBRARY_SEARCH_PATHS_QUOTED_FOR_TARGET_7)",
					"$(LIBRARY_SEARCH_PATHS_QUOTED_FOR_TARGET_8)",
					"$(LIBRARY_SEARCH_PATHS_QUOTED_FOR_TARGET_9)",
					"$(LIBRARY_SEARCH_PATHS_QUOTED_FOR_TARGET_10)",
					"$(LIBRARY_SEARCH_PATHS_QUOTED_FOR_TARGET_11)",
					"$(LIBRARY_SEARCH_PATHS_QUOTED_FOR_TARGET_12)",
					"$(LIBRARY_SEARCH_PATHS_QUOTED_FOR_TARGET_13)",
					"$(LIBRARY_SEARCH_PATHS_QUOTED_FOR_TARGET_14)",
					"$(LIBRARY_SEARCH_PATHS_QUOTED_FOR_TARGET_15)",
					"$(LIBRARY_SEARCH_PATHS_QUOTED_FOR_TARGET_2)",
					"$(LIBRARY_SEARCH_PATHS_QUOTED_FOR_TARGET_3)",
					"$(LIBRARY_SEARCH_PATHS_QUOTED_FOR_TARGET_7)",
					"$(LIBRARY_SEARCH_PATHS_QUOTED_FOR_TARGET_8)",
					"$(LIBRARY_SEARCH_PATHS_QUOTED_FOR_TARGET_9)",
					"$(LIBRARY_SEARCH_PATHS_QUOTED_FOR_TARGET_10)",
					"$(LIBRARY_SEARCH_PATHS_QUOTED_FOR_TARGET_11)",
					"$(LIBRARY_SEARCH_PATHS_QUOTED_FOR_TARGET_12)",
					"$(LIBRARY_SEARCH_PATHS_QUOTED_FOR_TARGET_13)",
					"$(LIBRARY_SEARCH_PATHS_QUOTED_FOR_TARGET_16)",
					"$(LIBRARY_SEARCH_PATHS_QUOTED_FOR_TARGET_17)",
					"$(LIBRARY_SEARCH_PATHS_QUOTED_FOR_TARGET_18)",
					"$(LIBRARY_SEARCH_PATHS_QUOTED_FOR_TARGET_19)",
					"$(LIBRARY_SEARCH_PATHS_QUOTED_FOR_TARGET_20)",
					"$(LIBRARY_SEARCH_PATHS_QUOTED_FOR_TARGET_21)",
					"$(LIBRARY_SEARCH_PATHS_QUOTED_FOR_TARGET_22)",
					"$(LIBRARY_SEARCH_PATHS_QUOTED_FOR_TARGET_23)",
					"$(LIBRARY_SEARCH_PATHS_QUOTED_FOR_TARGET_24)",
					"$(LIBRARY_SEARCH_PATHS_QUOTED_FOR_TARGET_25)",
					"$(LIBRARY_SEARCH_PATHS_QUOTED_FOR_TARGET_26)",
					"$(LIBRARY_SEARCH_PATHS_QUOTED_FOR_TARGET_27)",
					"$(LIBRARY_SEARCH_PATHS_QUOTED_FOR_TARGET_28)",
					"$(LIBRARY_SEARCH_PATHS_QUOTED_FOR_TARGET_29)",
					"$(LIBRARY_SEARCH_PATHS_QUOTED_FOR_TARGET_30)",
					"$(LIBRARY_SEARCH_PATHS_QUOTED_FOR_TARGET_31)",
					"$(LIBRARY_SEARCH_PATHS_QUOTED_FOR_TARGET_32)",
					"$(LIBRARY_SEARCH_PATHS_QUOTED_FOR_TARGET_33)",
					"$(LIBRARY_SEARCH_PATHS_QUOTED_FOR_TARGET_34)",
					"$(LIBRARY_SEARCH_PATHS_QUOTED_FOR_TARGET_35)",
					"$(LIBRARY_SEARCH_PATHS_QUOTED_FOR_TARGET_36)",
					"$(LIBRARY_SEARCH_PATHS_QUOTED_FOR_TARGET_37)",
					"$(LIBRARY_SEARCH_PATHS_QUOTED_FOR_TARGET_38)",
					"$(LIBRARY_SEARCH_PATHS_QUOTED_FOR_TARGET_39)",
					"$(LIBRARY_SEARCH_PATHS_QUOTED_FOR_TARGET_40)",
					"$(LIBRARY_SEARCH_PATHS_QUOTED_FOR_TARGET_41)",
					"$(LIBRARY_SEARCH_PATHS_QUOTED_FOR_TARGET_42)",
					"$(LIBRARY_SEARCH_PATHS_QUOTED_FOR_TARGET_43)",
					"$(LIBRARY_SEARCH_PATHS_QUOTED_FOR_TARGET_44)",
					"$(LIBRARY_SEARCH_PATHS_QUOTED_FOR_TARGET_45)",
					"$(LIBRARY_SEARCH_PATHS_QUOTED_FOR_TARGET_46)",
					"$(LIBRARY_SEARCH_PATHS_QUOTED_FOR_TARGET_47)",
					"$(LIBRARY_SEARCH_PATHS_QUOTED_FOR_TARGET_48)",
					"$(LIBRARY_SEARCH_PATHS_QUOTED_FOR_TARGET_49)",
					"$(LIBRARY_SEARCH_PATHS_QUOTED_FOR_TARGET_50)",
					"$(LIBRARY_SEARCH_PATHS_QUOTED_FOR_TARGET_51)",
					"$(LIBRARY_SEARCH_PATHS_QUOTED_FOR_TARGET_52)",
					/Users/focus/Documents/Xcode/of_v0.8.0_osx_release/addons/ofxFTGL/libs/FTGL/lib/osx,
					/Users/obviousjim/Documents/xcode/of_v0.8.3_osx_release/addons/ofxOculusDK2/libs/LibOVR/Lib/MacOS/Debug,
					/Users/obviousjim/Documents/xcode/of_v0.8.3_osx_release/addons/ofxOculusDK2/libs/LibOVR/Lib/MacOS/Release,
					/Users/obviousjim/Documents/xcode/of_v0.8.3_osx_release/addons/ofxOculusDK2/libs/LibOVR/Lib/x64/VS2010,
					/Users/obviousjim/Documents/xcode/of_v0.8.3_osx_release/addons/ofxOculusDK2/libs/LibOVR/Lib/x64/VS2012,
					/Users/obviousjim/Documents/xcode/of_v0.8.3_osx_release/addons/ofxOculusDK2/libs/LibOVR/Lib/x64/VS2013,
					/Users/obviousjim/Documents/xcode/of_v0.8.3_osx_release/addons/ofxOculusDK2/libs/LibOVR/Lib/MacOS/Debug32,
					/Users/obviousjim/Documents/xcode/of_v0.8.3_osx_release/addons/ofxOculusDK2/libs/LibOVR/Lib/MacOS/Release32,
					/Users/obviousjim/Documents/xcode/of_v0.8.3_osx_release/addons/ofxFTGL/libs/FTGL/lib/linux,
					/Users/obviousjim/Documents/xcode/of_v0.8.3_osx_release/addons/ofxFTGL/libs/FTGL/lib/linux64,
					/Users/obviousjim/Documents/xcode/of_v0.8.3_osx_release/addons/ofxFTGL/libs/FTGL/lib/osx,
					/Users/obviousjim/Documents/xcode/of_v0.8.3_osx_release/addons/ofxFTGL/libs/FTGL/lib/vs,
					/Users/obviousjim/Documents/xcode/of_v0.8.3_osx_release/addons/ofxFTGL/libs/FTGL/lib/vs64,
				);
				PRODUCT_NAME = CrossingBordersVR4kDebug;
				WRAPPER_EXTENSION = app;
			};
			name = Debug;
		};
		E7012CFF18F34AD800A3F1EB /* Release */ = {
			isa = XCBuildConfiguration;
			buildSettings = {
				COPY_PHASE_STRIP = YES;
				FRAMEWORK_SEARCH_PATHS = (
					"$(inherited)",
					"$(FRAMEWORK_SEARCH_PATHS_QUOTED_FOR_TARGET_1)",
				);
				FRAMEWORK_SEARCH_PATHS_QUOTED_FOR_TARGET_1 = "\"$(SRCROOT)/../../../libs/glut/lib/osx\"";
				GCC_GENERATE_DEBUGGING_SYMBOLS = NO;
				GCC_MODEL_TUNING = G4;
				GCC_PRECOMPILE_PREFIX_HEADER = YES;
				GCC_PREFIX_HEADER = "$(SYSTEM_LIBRARY_DIR)/Frameworks/Carbon.framework/Headers/Carbon.h";
				GCC_PREPROCESSOR_DEFINITIONS = "VIDEO_FILE_NAME=CrossingBorders_4k_h264";
				INFOPLIST_FILE = "OculusVideoViewer copy-Info.plist";
				INSTALL_PATH = "$(HOME)/Applications";
				LIBRARY_SEARCH_PATHS = (
					"$(inherited)",
					"$(LIBRARY_SEARCH_PATHS_QUOTED_FOR_TARGET_1)",
					"$(LIBRARY_SEARCH_PATHS_QUOTED_FOR_TARGET_2)",
					"$(LIBRARY_SEARCH_PATHS_QUOTED_FOR_TARGET_3)",
					"$(LIBRARY_SEARCH_PATHS_QUOTED_FOR_TARGET_4)",
					"$(LIBRARY_SEARCH_PATHS_QUOTED_FOR_TARGET_5)",
					"$(LIBRARY_SEARCH_PATHS_QUOTED_FOR_TARGET_6)",
					"$(LIBRARY_SEARCH_PATHS_QUOTED_FOR_TARGET_7)",
					"$(LIBRARY_SEARCH_PATHS_QUOTED_FOR_TARGET_8)",
					"$(LIBRARY_SEARCH_PATHS_QUOTED_FOR_TARGET_9)",
					"$(LIBRARY_SEARCH_PATHS_QUOTED_FOR_TARGET_10)",
					"$(LIBRARY_SEARCH_PATHS_QUOTED_FOR_TARGET_11)",
					"$(LIBRARY_SEARCH_PATHS_QUOTED_FOR_TARGET_12)",
					"$(LIBRARY_SEARCH_PATHS_QUOTED_FOR_TARGET_13)",
					"$(LIBRARY_SEARCH_PATHS_QUOTED_FOR_TARGET_14)",
					"$(LIBRARY_SEARCH_PATHS_QUOTED_FOR_TARGET_15)",
					"$(LIBRARY_SEARCH_PATHS_QUOTED_FOR_TARGET_2)",
					"$(LIBRARY_SEARCH_PATHS_QUOTED_1)",
					"$(LIBRARY_SEARCH_PATHS_QUOTED_FOR_TARGET_3)",
					"$(LIBRARY_SEARCH_PATHS_QUOTED_FOR_TARGET_7)",
					"$(LIBRARY_SEARCH_PATHS_QUOTED_FOR_TARGET_8)",
					"$(LIBRARY_SEARCH_PATHS_QUOTED_FOR_TARGET_9)",
					"$(LIBRARY_SEARCH_PATHS_QUOTED_FOR_TARGET_10)",
					"$(LIBRARY_SEARCH_PATHS_QUOTED_FOR_TARGET_11)",
					"$(LIBRARY_SEARCH_PATHS_QUOTED_FOR_TARGET_12)",
					"$(LIBRARY_SEARCH_PATHS_QUOTED_FOR_TARGET_13)",
					"$(LIBRARY_SEARCH_PATHS_QUOTED_FOR_TARGET_16)",
					"$(LIBRARY_SEARCH_PATHS_QUOTED_FOR_TARGET_17)",
					"$(LIBRARY_SEARCH_PATHS_QUOTED_FOR_TARGET_18)",
					"$(LIBRARY_SEARCH_PATHS_QUOTED_FOR_TARGET_19)",
					"$(LIBRARY_SEARCH_PATHS_QUOTED_FOR_TARGET_20)",
					"$(LIBRARY_SEARCH_PATHS_QUOTED_FOR_TARGET_21)",
					"$(LIBRARY_SEARCH_PATHS_QUOTED_FOR_TARGET_22)",
					"$(LIBRARY_SEARCH_PATHS_QUOTED_FOR_TARGET_23)",
					"$(LIBRARY_SEARCH_PATHS_QUOTED_FOR_TARGET_24)",
					"$(LIBRARY_SEARCH_PATHS_QUOTED_FOR_TARGET_25)",
					"$(LIBRARY_SEARCH_PATHS_QUOTED_FOR_TARGET_26)",
					"$(LIBRARY_SEARCH_PATHS_QUOTED_FOR_TARGET_27)",
					"$(LIBRARY_SEARCH_PATHS_QUOTED_FOR_TARGET_28)",
					"$(LIBRARY_SEARCH_PATHS_QUOTED_FOR_TARGET_29)",
					"$(LIBRARY_SEARCH_PATHS_QUOTED_FOR_TARGET_30)",
					"$(LIBRARY_SEARCH_PATHS_QUOTED_FOR_TARGET_31)",
					"$(LIBRARY_SEARCH_PATHS_QUOTED_FOR_TARGET_32)",
					"$(LIBRARY_SEARCH_PATHS_QUOTED_FOR_TARGET_33)",
					"$(LIBRARY_SEARCH_PATHS_QUOTED_FOR_TARGET_34)",
					"$(LIBRARY_SEARCH_PATHS_QUOTED_FOR_TARGET_35)",
					"$(LIBRARY_SEARCH_PATHS_QUOTED_FOR_TARGET_36)",
					"$(LIBRARY_SEARCH_PATHS_QUOTED_FOR_TARGET_37)",
					"$(LIBRARY_SEARCH_PATHS_QUOTED_FOR_TARGET_38)",
					"$(LIBRARY_SEARCH_PATHS_QUOTED_FOR_TARGET_39)",
					"$(LIBRARY_SEARCH_PATHS_QUOTED_FOR_TARGET_40)",
					"$(LIBRARY_SEARCH_PATHS_QUOTED_FOR_TARGET_41)",
					"$(LIBRARY_SEARCH_PATHS_QUOTED_FOR_TARGET_42)",
					"$(LIBRARY_SEARCH_PATHS_QUOTED_FOR_TARGET_43)",
					"$(LIBRARY_SEARCH_PATHS_QUOTED_FOR_TARGET_44)",
					"$(LIBRARY_SEARCH_PATHS_QUOTED_FOR_TARGET_45)",
					"$(LIBRARY_SEARCH_PATHS_QUOTED_FOR_TARGET_46)",
					"$(LIBRARY_SEARCH_PATHS_QUOTED_FOR_TARGET_47)",
					"$(LIBRARY_SEARCH_PATHS_QUOTED_FOR_TARGET_48)",
					"$(LIBRARY_SEARCH_PATHS_QUOTED_FOR_TARGET_49)",
					"$(LIBRARY_SEARCH_PATHS_QUOTED_FOR_TARGET_50)",
					"$(LIBRARY_SEARCH_PATHS_QUOTED_FOR_TARGET_51)",
					/Users/focus/Documents/Xcode/of_v0.8.0_osx_release/addons/ofxFTGL/libs/FTGL/lib/osx,
					/Users/obviousjim/Documents/xcode/of_v0.8.3_osx_release/addons/ofxOculusDK2/libs/LibOVR/Lib/MacOS/Debug,
					/Users/obviousjim/Documents/xcode/of_v0.8.3_osx_release/addons/ofxOculusDK2/libs/LibOVR/Lib/MacOS/Release,
					/Users/obviousjim/Documents/xcode/of_v0.8.3_osx_release/addons/ofxOculusDK2/libs/LibOVR/Lib/x64/VS2010,
					/Users/obviousjim/Documents/xcode/of_v0.8.3_osx_release/addons/ofxOculusDK2/libs/LibOVR/Lib/x64/VS2012,
					/Users/obviousjim/Documents/xcode/of_v0.8.3_osx_release/addons/ofxOculusDK2/libs/LibOVR/Lib/x64/VS2013,
					/Users/obviousjim/Documents/xcode/of_v0.8.3_osx_release/addons/ofxOculusDK2/libs/LibOVR/Lib/MacOS/Debug32,
					/Users/obviousjim/Documents/xcode/of_v0.8.3_osx_release/addons/ofxOculusDK2/libs/LibOVR/Lib/MacOS/Release32,
					/Users/obviousjim/Documents/xcode/of_v0.8.3_osx_release/addons/ofxFTGL/libs/FTGL/lib/linux,
					/Users/obviousjim/Documents/xcode/of_v0.8.3_osx_release/addons/ofxFTGL/libs/FTGL/lib/linux64,
					/Users/obviousjim/Documents/xcode/of_v0.8.3_osx_release/addons/ofxFTGL/libs/FTGL/lib/osx,
					/Users/obviousjim/Documents/xcode/of_v0.8.3_osx_release/addons/ofxFTGL/libs/FTGL/lib/vs,
					/Users/obviousjim/Documents/xcode/of_v0.8.3_osx_release/addons/ofxFTGL/libs/FTGL/lib/vs64,
				);
				PRODUCT_NAME = CrossingBordersVR4k;
				WRAPPER_EXTENSION = app;
			};
			name = Release;
		};
		E74C0A9918F3B57C00061B6B /* Debug */ = {
			isa = XCBuildConfiguration;
			buildSettings = {
				COPY_PHASE_STRIP = NO;
				FRAMEWORK_SEARCH_PATHS = (
					"$(inherited)",
					"$(FRAMEWORK_SEARCH_PATHS_QUOTED_FOR_TARGET_1)",
				);
				FRAMEWORK_SEARCH_PATHS_QUOTED_FOR_TARGET_1 = "\"$(SRCROOT)/../../../libs/glut/lib/osx\"";
				GCC_DYNAMIC_NO_PIC = NO;
				GCC_GENERATE_DEBUGGING_SYMBOLS = YES;
				GCC_MODEL_TUNING = G4;
				GCC_PRECOMPILE_PREFIX_HEADER = YES;
				GCC_PREFIX_HEADER = "$(SYSTEM_LIBRARY_DIR)/Frameworks/Carbon.framework/Headers/Carbon.h";
				GCC_PREPROCESSOR_DEFINITIONS = "";
				INFOPLIST_FILE = "CrossingBorders4k copy-Info.plist";
				INSTALL_PATH = "$(HOME)/Applications";
				LIBRARY_SEARCH_PATHS = (
					"$(inherited)",
					"$(LIBRARY_SEARCH_PATHS_QUOTED_FOR_TARGET_1)",
					"$(LIBRARY_SEARCH_PATHS_QUOTED_FOR_TARGET_2)",
					"$(LIBRARY_SEARCH_PATHS_QUOTED_FOR_TARGET_3)",
					"$(LIBRARY_SEARCH_PATHS_QUOTED_FOR_TARGET_4)",
					"$(LIBRARY_SEARCH_PATHS_QUOTED_FOR_TARGET_5)",
					"$(LIBRARY_SEARCH_PATHS_QUOTED_FOR_TARGET_6)",
					"$(LIBRARY_SEARCH_PATHS_QUOTED_FOR_TARGET_7)",
					"$(LIBRARY_SEARCH_PATHS_QUOTED_FOR_TARGET_8)",
					"$(LIBRARY_SEARCH_PATHS_QUOTED_FOR_TARGET_9)",
					"$(LIBRARY_SEARCH_PATHS_QUOTED_FOR_TARGET_10)",
					"$(LIBRARY_SEARCH_PATHS_QUOTED_FOR_TARGET_11)",
					"$(LIBRARY_SEARCH_PATHS_QUOTED_FOR_TARGET_12)",
					"$(LIBRARY_SEARCH_PATHS_QUOTED_FOR_TARGET_13)",
					"$(LIBRARY_SEARCH_PATHS_QUOTED_FOR_TARGET_14)",
					"$(LIBRARY_SEARCH_PATHS_QUOTED_FOR_TARGET_15)",
					"$(LIBRARY_SEARCH_PATHS_QUOTED_FOR_TARGET_2)",
					"$(LIBRARY_SEARCH_PATHS_QUOTED_FOR_TARGET_3)",
					"$(LIBRARY_SEARCH_PATHS_QUOTED_FOR_TARGET_7)",
					"$(LIBRARY_SEARCH_PATHS_QUOTED_FOR_TARGET_8)",
					"$(LIBRARY_SEARCH_PATHS_QUOTED_FOR_TARGET_9)",
					"$(LIBRARY_SEARCH_PATHS_QUOTED_FOR_TARGET_10)",
					"$(LIBRARY_SEARCH_PATHS_QUOTED_FOR_TARGET_11)",
					"$(LIBRARY_SEARCH_PATHS_QUOTED_FOR_TARGET_12)",
					"$(LIBRARY_SEARCH_PATHS_QUOTED_FOR_TARGET_13)",
					"$(LIBRARY_SEARCH_PATHS_QUOTED_FOR_TARGET_16)",
					"$(LIBRARY_SEARCH_PATHS_QUOTED_FOR_TARGET_17)",
					"$(LIBRARY_SEARCH_PATHS_QUOTED_FOR_TARGET_18)",
					"$(LIBRARY_SEARCH_PATHS_QUOTED_FOR_TARGET_19)",
					"$(LIBRARY_SEARCH_PATHS_QUOTED_FOR_TARGET_20)",
					"$(LIBRARY_SEARCH_PATHS_QUOTED_FOR_TARGET_21)",
					"$(LIBRARY_SEARCH_PATHS_QUOTED_FOR_TARGET_22)",
					"$(LIBRARY_SEARCH_PATHS_QUOTED_FOR_TARGET_23)",
					"$(LIBRARY_SEARCH_PATHS_QUOTED_FOR_TARGET_24)",
					"$(LIBRARY_SEARCH_PATHS_QUOTED_FOR_TARGET_25)",
					"$(LIBRARY_SEARCH_PATHS_QUOTED_FOR_TARGET_26)",
					"$(LIBRARY_SEARCH_PATHS_QUOTED_FOR_TARGET_27)",
					"$(LIBRARY_SEARCH_PATHS_QUOTED_FOR_TARGET_28)",
					"$(LIBRARY_SEARCH_PATHS_QUOTED_FOR_TARGET_29)",
					"$(LIBRARY_SEARCH_PATHS_QUOTED_FOR_TARGET_30)",
					"$(LIBRARY_SEARCH_PATHS_QUOTED_FOR_TARGET_31)",
					"$(LIBRARY_SEARCH_PATHS_QUOTED_FOR_TARGET_32)",
					"$(LIBRARY_SEARCH_PATHS_QUOTED_FOR_TARGET_33)",
					"$(LIBRARY_SEARCH_PATHS_QUOTED_FOR_TARGET_34)",
					"$(LIBRARY_SEARCH_PATHS_QUOTED_FOR_TARGET_35)",
					"$(LIBRARY_SEARCH_PATHS_QUOTED_FOR_TARGET_36)",
					"$(LIBRARY_SEARCH_PATHS_QUOTED_FOR_TARGET_37)",
					"$(LIBRARY_SEARCH_PATHS_QUOTED_FOR_TARGET_38)",
					"$(LIBRARY_SEARCH_PATHS_QUOTED_FOR_TARGET_39)",
					"$(LIBRARY_SEARCH_PATHS_QUOTED_FOR_TARGET_40)",
					"$(LIBRARY_SEARCH_PATHS_QUOTED_FOR_TARGET_41)",
					"$(LIBRARY_SEARCH_PATHS_QUOTED_FOR_TARGET_42)",
					"$(LIBRARY_SEARCH_PATHS_QUOTED_FOR_TARGET_43)",
					"$(LIBRARY_SEARCH_PATHS_QUOTED_FOR_TARGET_44)",
					"$(LIBRARY_SEARCH_PATHS_QUOTED_FOR_TARGET_45)",
					"$(LIBRARY_SEARCH_PATHS_QUOTED_FOR_TARGET_46)",
					"$(LIBRARY_SEARCH_PATHS_QUOTED_FOR_TARGET_47)",
					"$(LIBRARY_SEARCH_PATHS_QUOTED_FOR_TARGET_48)",
					"$(LIBRARY_SEARCH_PATHS_QUOTED_FOR_TARGET_49)",
					"$(LIBRARY_SEARCH_PATHS_QUOTED_FOR_TARGET_50)",
					"$(LIBRARY_SEARCH_PATHS_QUOTED_FOR_TARGET_51)",
					"$(LIBRARY_SEARCH_PATHS_QUOTED_FOR_TARGET_52)",
					"$(OF_PATH)/addons/ofxOculusDK2/libs/LibOVR/Lib/MacOS/Debug32",
					"$(OF_PATH)/addons/ofxFTGL/libs/FTGL/lib/osx",
				);
				PRODUCT_NAME = OculusVideoPlayerDebug;
				WRAPPER_EXTENSION = app;
			};
			name = Debug;
		};
		E74C0A9A18F3B57C00061B6B /* Release */ = {
			isa = XCBuildConfiguration;
			buildSettings = {
				COPY_PHASE_STRIP = YES;
				FRAMEWORK_SEARCH_PATHS = (
					"$(inherited)",
					"$(FRAMEWORK_SEARCH_PATHS_QUOTED_FOR_TARGET_1)",
				);
				FRAMEWORK_SEARCH_PATHS_QUOTED_FOR_TARGET_1 = "\"$(SRCROOT)/../../../libs/glut/lib/osx\"";
				GCC_GENERATE_DEBUGGING_SYMBOLS = NO;
				GCC_MODEL_TUNING = G4;
				GCC_PRECOMPILE_PREFIX_HEADER = YES;
				GCC_PREFIX_HEADER = "$(SYSTEM_LIBRARY_DIR)/Frameworks/Carbon.framework/Headers/Carbon.h";
				GCC_PREPROCESSOR_DEFINITIONS = "";
				INFOPLIST_FILE = "CrossingBorders4k copy-Info.plist";
				INSTALL_PATH = "$(HOME)/Applications";
				LIBRARY_SEARCH_PATHS = (
					"$(inherited)",
					"$(LIBRARY_SEARCH_PATHS_QUOTED_FOR_TARGET_1)",
					"$(LIBRARY_SEARCH_PATHS_QUOTED_FOR_TARGET_2)",
					"$(LIBRARY_SEARCH_PATHS_QUOTED_FOR_TARGET_3)",
					"$(LIBRARY_SEARCH_PATHS_QUOTED_FOR_TARGET_4)",
					"$(LIBRARY_SEARCH_PATHS_QUOTED_FOR_TARGET_5)",
					"$(LIBRARY_SEARCH_PATHS_QUOTED_FOR_TARGET_6)",
					"$(LIBRARY_SEARCH_PATHS_QUOTED_FOR_TARGET_7)",
					"$(LIBRARY_SEARCH_PATHS_QUOTED_FOR_TARGET_8)",
					"$(LIBRARY_SEARCH_PATHS_QUOTED_FOR_TARGET_9)",
					"$(LIBRARY_SEARCH_PATHS_QUOTED_FOR_TARGET_10)",
					"$(LIBRARY_SEARCH_PATHS_QUOTED_FOR_TARGET_11)",
					"$(LIBRARY_SEARCH_PATHS_QUOTED_FOR_TARGET_12)",
					"$(LIBRARY_SEARCH_PATHS_QUOTED_FOR_TARGET_13)",
					"$(LIBRARY_SEARCH_PATHS_QUOTED_FOR_TARGET_14)",
					"$(LIBRARY_SEARCH_PATHS_QUOTED_FOR_TARGET_15)",
					"$(LIBRARY_SEARCH_PATHS_QUOTED_FOR_TARGET_2)",
					"$(LIBRARY_SEARCH_PATHS_QUOTED_1)",
					"$(LIBRARY_SEARCH_PATHS_QUOTED_FOR_TARGET_3)",
					"$(LIBRARY_SEARCH_PATHS_QUOTED_FOR_TARGET_7)",
					"$(LIBRARY_SEARCH_PATHS_QUOTED_FOR_TARGET_8)",
					"$(LIBRARY_SEARCH_PATHS_QUOTED_FOR_TARGET_9)",
					"$(LIBRARY_SEARCH_PATHS_QUOTED_FOR_TARGET_10)",
					"$(LIBRARY_SEARCH_PATHS_QUOTED_FOR_TARGET_11)",
					"$(LIBRARY_SEARCH_PATHS_QUOTED_FOR_TARGET_12)",
					"$(LIBRARY_SEARCH_PATHS_QUOTED_FOR_TARGET_13)",
					"$(LIBRARY_SEARCH_PATHS_QUOTED_FOR_TARGET_16)",
					"$(LIBRARY_SEARCH_PATHS_QUOTED_FOR_TARGET_17)",
					"$(LIBRARY_SEARCH_PATHS_QUOTED_FOR_TARGET_18)",
					"$(LIBRARY_SEARCH_PATHS_QUOTED_FOR_TARGET_19)",
					"$(LIBRARY_SEARCH_PATHS_QUOTED_FOR_TARGET_20)",
					"$(LIBRARY_SEARCH_PATHS_QUOTED_FOR_TARGET_21)",
					"$(LIBRARY_SEARCH_PATHS_QUOTED_FOR_TARGET_22)",
					"$(LIBRARY_SEARCH_PATHS_QUOTED_FOR_TARGET_23)",
					"$(LIBRARY_SEARCH_PATHS_QUOTED_FOR_TARGET_24)",
					"$(LIBRARY_SEARCH_PATHS_QUOTED_FOR_TARGET_25)",
					"$(LIBRARY_SEARCH_PATHS_QUOTED_FOR_TARGET_26)",
					"$(LIBRARY_SEARCH_PATHS_QUOTED_FOR_TARGET_27)",
					"$(LIBRARY_SEARCH_PATHS_QUOTED_FOR_TARGET_28)",
					"$(LIBRARY_SEARCH_PATHS_QUOTED_FOR_TARGET_29)",
					"$(LIBRARY_SEARCH_PATHS_QUOTED_FOR_TARGET_30)",
					"$(LIBRARY_SEARCH_PATHS_QUOTED_FOR_TARGET_31)",
					"$(LIBRARY_SEARCH_PATHS_QUOTED_FOR_TARGET_32)",
					"$(LIBRARY_SEARCH_PATHS_QUOTED_FOR_TARGET_33)",
					"$(LIBRARY_SEARCH_PATHS_QUOTED_FOR_TARGET_34)",
					"$(LIBRARY_SEARCH_PATHS_QUOTED_FOR_TARGET_35)",
					"$(LIBRARY_SEARCH_PATHS_QUOTED_FOR_TARGET_36)",
					"$(LIBRARY_SEARCH_PATHS_QUOTED_FOR_TARGET_37)",
					"$(LIBRARY_SEARCH_PATHS_QUOTED_FOR_TARGET_38)",
					"$(LIBRARY_SEARCH_PATHS_QUOTED_FOR_TARGET_39)",
					"$(LIBRARY_SEARCH_PATHS_QUOTED_FOR_TARGET_40)",
					"$(LIBRARY_SEARCH_PATHS_QUOTED_FOR_TARGET_41)",
					"$(LIBRARY_SEARCH_PATHS_QUOTED_FOR_TARGET_42)",
					"$(LIBRARY_SEARCH_PATHS_QUOTED_FOR_TARGET_43)",
					"$(LIBRARY_SEARCH_PATHS_QUOTED_FOR_TARGET_44)",
					"$(LIBRARY_SEARCH_PATHS_QUOTED_FOR_TARGET_45)",
					"$(LIBRARY_SEARCH_PATHS_QUOTED_FOR_TARGET_46)",
					"$(LIBRARY_SEARCH_PATHS_QUOTED_FOR_TARGET_47)",
					"$(LIBRARY_SEARCH_PATHS_QUOTED_FOR_TARGET_48)",
					"$(LIBRARY_SEARCH_PATHS_QUOTED_FOR_TARGET_49)",
					"$(LIBRARY_SEARCH_PATHS_QUOTED_FOR_TARGET_50)",
					"$(LIBRARY_SEARCH_PATHS_QUOTED_FOR_TARGET_51)",
					"$(OF_PATH)/addons/ofxOculusDK2/libs/LibOVR/Lib/MacOS/Release32",
					"$(OF_PATH)/addons/ofxFTGL/libs/FTGL/lib/osx",
				);
				PRODUCT_NAME = OculusVideoPlayer;
				WRAPPER_EXTENSION = app;
			};
			name = Release;
		};
/* End XCBuildConfiguration section */

/* Begin XCConfigurationList section */
		E4B69B4D0A3A1720003C02F2 /* Build configuration list for PBXProject "OculusVideoViewer" */ = {
			isa = XCConfigurationList;
			buildConfigurations = (
				E4B69B4E0A3A1720003C02F2 /* Debug */,
				E4B69B4F0A3A1720003C02F2 /* Release */,
			);
			defaultConfigurationIsVisible = 0;
			defaultConfigurationName = Release;
		};
		E4B69B5F0A3A1757003C02F2 /* Build configuration list for PBXNativeTarget "CrossigBorders" */ = {
			isa = XCConfigurationList;
			buildConfigurations = (
				E4B69B600A3A1757003C02F2 /* Debug */,
				E4B69B610A3A1757003C02F2 /* Release */,
			);
			defaultConfigurationIsVisible = 0;
			defaultConfigurationName = Release;
		};
		E7012CFD18F34AD800A3F1EB /* Build configuration list for PBXNativeTarget "CrossingBorders4k" */ = {
			isa = XCConfigurationList;
			buildConfigurations = (
				E7012CFE18F34AD800A3F1EB /* Debug */,
				E7012CFF18F34AD800A3F1EB /* Release */,
			);
			defaultConfigurationIsVisible = 0;
			defaultConfigurationName = Release;
		};
		E74C0A9818F3B57C00061B6B /* Build configuration list for PBXNativeTarget "OculusVideoPlayer" */ = {
			isa = XCConfigurationList;
			buildConfigurations = (
				E74C0A9918F3B57C00061B6B /* Debug */,
				E74C0A9A18F3B57C00061B6B /* Release */,
			);
			defaultConfigurationIsVisible = 0;
			defaultConfigurationName = Release;
		};
/* End XCConfigurationList section */
	};
	rootObject = E4B69B4C0A3A1720003C02F2 /* Project object */;
}
